// !$*UTF8*$!
{
	archiveVersion = 1;
	classes = {
	};
	objectVersion = 48;
	objects = {

/* Begin PBXBuildFile section */
		D2264186205513710001D758 /* CollectionViewSection.swift in Sources */ = {isa = PBXBuildFile; fileRef = D2264185205513710001D758 /* CollectionViewSection.swift */; };
		D226418A205514360001D758 /* BaseCellModel.swift in Sources */ = {isa = PBXBuildFile; fileRef = D2264189205514360001D758 /* BaseCellModel.swift */; };
		D226418C20551C260001D758 /* MainAppScrollingContainerItem.swift in Sources */ = {isa = PBXBuildFile; fileRef = D226418B20551C260001D758 /* MainAppScrollingContainerItem.swift */; };
		D226418E205520C50001D758 /* MainTabBarController.swift in Sources */ = {isa = PBXBuildFile; fileRef = D226418D205520C50001D758 /* MainTabBarController.swift */; };
		D2264190205520DC0001D758 /* MainNavigationController.swift in Sources */ = {isa = PBXBuildFile; fileRef = D226418F205520DC0001D758 /* MainNavigationController.swift */; };
		D2264192205521530001D758 /* StoryCreationViewController.swift in Sources */ = {isa = PBXBuildFile; fileRef = D2264191205521530001D758 /* StoryCreationViewController.swift */; };
		D2264194205521C50001D758 /* StoryCameraViewController.swift in Sources */ = {isa = PBXBuildFile; fileRef = D2264193205521C50001D758 /* StoryCameraViewController.swift */; };
		D2264196205525740001D758 /* MainFeedViewController.swift in Sources */ = {isa = PBXBuildFile; fileRef = D2264195205525740001D758 /* MainFeedViewController.swift */; };
		D22641982055259C0001D758 /* ExploreViewController.swift in Sources */ = {isa = PBXBuildFile; fileRef = D22641972055259C0001D758 /* ExploreViewController.swift */; };
		D226419A205525A90001D758 /* MessageViewController.swift in Sources */ = {isa = PBXBuildFile; fileRef = D2264199205525A90001D758 /* MessageViewController.swift */; };
		D226419C205525F40001D758 /* UserProfileViewController.swift in Sources */ = {isa = PBXBuildFile; fileRef = D226419B205525F40001D758 /* UserProfileViewController.swift */; };
		D226419E20552E230001D758 /* ListCollectionView.swift in Sources */ = {isa = PBXBuildFile; fileRef = D226419D20552E230001D758 /* ListCollectionView.swift */; };
		D22641A0205550220001D758 /* UINavigationBar+Attributes.swift in Sources */ = {isa = PBXBuildFile; fileRef = D226419F205550220001D758 /* UINavigationBar+Attributes.swift */; };
		D22641A2205550B50001D758 /* UIColor+HexColor.swift in Sources */ = {isa = PBXBuildFile; fileRef = D22641A1205550B50001D758 /* UIColor+HexColor.swift */; };
		D22641A6205555DC0001D758 /* MedulaOne-Regular.ttf in Resources */ = {isa = PBXBuildFile; fileRef = D22641A5205555DC0001D758 /* MedulaOne-Regular.ttf */; };
		D22641CC2056B9C70001D758 /* UIApplication+StatusBarAppearanceUpdate.swift in Sources */ = {isa = PBXBuildFile; fileRef = D22641CB2056B9C70001D758 /* UIApplication+StatusBarAppearanceUpdate.swift */; };
		D251884F2054D3C8000147CC /* AppDelegate.swift in Sources */ = {isa = PBXBuildFile; fileRef = D251884E2054D3C8000147CC /* AppDelegate.swift */; };
		D25188562054D3C8000147CC /* Assets.xcassets in Resources */ = {isa = PBXBuildFile; fileRef = D25188552054D3C8000147CC /* Assets.xcassets */; };
		D25188592054D3C8000147CC /* LaunchScreen.storyboard in Resources */ = {isa = PBXBuildFile; fileRef = D25188572054D3C8000147CC /* LaunchScreen.storyboard */; };
		D2D692CD2054EA17005C6E42 /* RootViewController.swift in Sources */ = {isa = PBXBuildFile; fileRef = D2D692CC2054EA17005C6E42 /* RootViewController.swift */; };
		D2D692CF2054EE81005C6E42 /* MainAppViewController.swift in Sources */ = {isa = PBXBuildFile; fileRef = D2D692CE2054EE81005C6E42 /* MainAppViewController.swift */; };
		D2D692D12054EF1A005C6E42 /* MainAppScrollingContainerViewController.swift in Sources */ = {isa = PBXBuildFile; fileRef = D2D692D02054EF1A005C6E42 /* MainAppScrollingContainerViewController.swift */; };
		D2D692D32054FECA005C6E42 /* GestureCoordinatingCollectionView.swift in Sources */ = {isa = PBXBuildFile; fileRef = D2D692D22054FECA005C6E42 /* GestureCoordinatingCollectionView.swift */; };
		D2D692D520550227005C6E42 /* ScrollingContainerCell.swift in Sources */ = {isa = PBXBuildFile; fileRef = D2D692D420550227005C6E42 /* ScrollingContainerCell.swift */; };
		D2E3E1282056D068003CCEEC /* MainFeedViewCell.swift in Sources */ = {isa = PBXBuildFile; fileRef = D2E3E1272056D068003CCEEC /* MainFeedViewCell.swift */; };
		D2E3E12A2056D188003CCEEC /* PlayVideoViewController.swift in Sources */ = {isa = PBXBuildFile; fileRef = D2E3E1292056D188003CCEEC /* PlayVideoViewController.swift */; };
		D2E3E12C2056D206003CCEEC /* PlayInteractionViewController.swift in Sources */ = {isa = PBXBuildFile; fileRef = D2E3E12B2056D206003CCEEC /* PlayInteractionViewController.swift */; };
		D2E3E12E2056D312003CCEEC /* FeedCellViewController.swift in Sources */ = {isa = PBXBuildFile; fileRef = D2E3E12D2056D312003CCEEC /* FeedCellViewController.swift */; };
		D2E5A6E6205C197A00FAF8D1 /* VideoPlayerView.swift in Sources */ = {isa = PBXBuildFile; fileRef = D2E5A6E5205C197A00FAF8D1 /* VideoPlayerView.swift */; };
/* End PBXBuildFile section */

/* Begin PBXFileReference section */
		D2264185205513710001D758 /* CollectionViewSection.swift */ = {isa = PBXFileReference; lastKnownFileType = sourcecode.swift; path = CollectionViewSection.swift; sourceTree = "<group>"; };
		D2264189205514360001D758 /* BaseCellModel.swift */ = {isa = PBXFileReference; lastKnownFileType = sourcecode.swift; path = BaseCellModel.swift; sourceTree = "<group>"; };
		D226418B20551C260001D758 /* MainAppScrollingContainerItem.swift */ = {isa = PBXFileReference; lastKnownFileType = sourcecode.swift; path = MainAppScrollingContainerItem.swift; sourceTree = "<group>"; };
		D226418D205520C50001D758 /* MainTabBarController.swift */ = {isa = PBXFileReference; lastKnownFileType = sourcecode.swift; path = MainTabBarController.swift; sourceTree = "<group>"; };
		D226418F205520DC0001D758 /* MainNavigationController.swift */ = {isa = PBXFileReference; lastKnownFileType = sourcecode.swift; path = MainNavigationController.swift; sourceTree = "<group>"; };
		D2264191205521530001D758 /* StoryCreationViewController.swift */ = {isa = PBXFileReference; lastKnownFileType = sourcecode.swift; path = StoryCreationViewController.swift; sourceTree = "<group>"; };
		D2264193205521C50001D758 /* StoryCameraViewController.swift */ = {isa = PBXFileReference; lastKnownFileType = sourcecode.swift; path = StoryCameraViewController.swift; sourceTree = "<group>"; };
		D2264195205525740001D758 /* MainFeedViewController.swift */ = {isa = PBXFileReference; lastKnownFileType = sourcecode.swift; path = MainFeedViewController.swift; sourceTree = "<group>"; };
		D22641972055259C0001D758 /* ExploreViewController.swift */ = {isa = PBXFileReference; lastKnownFileType = sourcecode.swift; path = ExploreViewController.swift; sourceTree = "<group>"; };
		D2264199205525A90001D758 /* MessageViewController.swift */ = {isa = PBXFileReference; lastKnownFileType = sourcecode.swift; path = MessageViewController.swift; sourceTree = "<group>"; };
		D226419B205525F40001D758 /* UserProfileViewController.swift */ = {isa = PBXFileReference; lastKnownFileType = sourcecode.swift; path = UserProfileViewController.swift; sourceTree = "<group>"; };
		D226419D20552E230001D758 /* ListCollectionView.swift */ = {isa = PBXFileReference; lastKnownFileType = sourcecode.swift; path = ListCollectionView.swift; sourceTree = "<group>"; };
		D226419F205550220001D758 /* UINavigationBar+Attributes.swift */ = {isa = PBXFileReference; lastKnownFileType = sourcecode.swift; path = "UINavigationBar+Attributes.swift"; sourceTree = "<group>"; };
		D22641A1205550B50001D758 /* UIColor+HexColor.swift */ = {isa = PBXFileReference; lastKnownFileType = sourcecode.swift; path = "UIColor+HexColor.swift"; sourceTree = "<group>"; };
		D22641A5205555DC0001D758 /* MedulaOne-Regular.ttf */ = {isa = PBXFileReference; lastKnownFileType = file; path = "MedulaOne-Regular.ttf"; sourceTree = "<group>"; };
		D22641CB2056B9C70001D758 /* UIApplication+StatusBarAppearanceUpdate.swift */ = {isa = PBXFileReference; lastKnownFileType = sourcecode.swift; path = "UIApplication+StatusBarAppearanceUpdate.swift"; sourceTree = "<group>"; };
		D251884B2054D3C8000147CC /* Alpface.app */ = {isa = PBXFileReference; explicitFileType = wrapper.application; includeInIndex = 0; path = Alpface.app; sourceTree = BUILT_PRODUCTS_DIR; };
		D251884E2054D3C8000147CC /* AppDelegate.swift */ = {isa = PBXFileReference; lastKnownFileType = sourcecode.swift; path = AppDelegate.swift; sourceTree = "<group>"; };
		D25188552054D3C8000147CC /* Assets.xcassets */ = {isa = PBXFileReference; lastKnownFileType = folder.assetcatalog; path = Assets.xcassets; sourceTree = "<group>"; };
		D25188582054D3C8000147CC /* Base */ = {isa = PBXFileReference; lastKnownFileType = file.storyboard; name = Base; path = Base.lproj/LaunchScreen.storyboard; sourceTree = "<group>"; };
		D251885A2054D3C8000147CC /* Info.plist */ = {isa = PBXFileReference; lastKnownFileType = text.plist.xml; path = Info.plist; sourceTree = "<group>"; };
		D2D692CC2054EA17005C6E42 /* RootViewController.swift */ = {isa = PBXFileReference; lastKnownFileType = sourcecode.swift; path = RootViewController.swift; sourceTree = "<group>"; };
		D2D692CE2054EE81005C6E42 /* MainAppViewController.swift */ = {isa = PBXFileReference; lastKnownFileType = sourcecode.swift; path = MainAppViewController.swift; sourceTree = "<group>"; };
		D2D692D02054EF1A005C6E42 /* MainAppScrollingContainerViewController.swift */ = {isa = PBXFileReference; lastKnownFileType = sourcecode.swift; path = MainAppScrollingContainerViewController.swift; sourceTree = "<group>"; };
		D2D692D22054FECA005C6E42 /* GestureCoordinatingCollectionView.swift */ = {isa = PBXFileReference; lastKnownFileType = sourcecode.swift; path = GestureCoordinatingCollectionView.swift; sourceTree = "<group>"; };
		D2D692D420550227005C6E42 /* ScrollingContainerCell.swift */ = {isa = PBXFileReference; lastKnownFileType = sourcecode.swift; path = ScrollingContainerCell.swift; sourceTree = "<group>"; };
		D2E3E1272056D068003CCEEC /* MainFeedViewCell.swift */ = {isa = PBXFileReference; lastKnownFileType = sourcecode.swift; path = MainFeedViewCell.swift; sourceTree = "<group>"; };
		D2E3E1292056D188003CCEEC /* PlayVideoViewController.swift */ = {isa = PBXFileReference; lastKnownFileType = sourcecode.swift; path = PlayVideoViewController.swift; sourceTree = "<group>"; };
		D2E3E12B2056D206003CCEEC /* PlayInteractionViewController.swift */ = {isa = PBXFileReference; lastKnownFileType = sourcecode.swift; path = PlayInteractionViewController.swift; sourceTree = "<group>"; };
		D2E3E12D2056D312003CCEEC /* FeedCellViewController.swift */ = {isa = PBXFileReference; lastKnownFileType = sourcecode.swift; path = FeedCellViewController.swift; sourceTree = "<group>"; };
		D2E5A6E5205C197A00FAF8D1 /* VideoPlayerView.swift */ = {isa = PBXFileReference; lastKnownFileType = sourcecode.swift; path = VideoPlayerView.swift; sourceTree = "<group>"; };
/* End PBXFileReference section */

/* Begin PBXFrameworksBuildPhase section */
		D25188482054D3C8000147CC /* Frameworks */ = {
			isa = PBXFrameworksBuildPhase;
			buildActionMask = 2147483647;
			files = (
			);
			runOnlyForDeploymentPostprocessing = 0;
		};
/* End PBXFrameworksBuildPhase section */

/* Begin PBXGroup section */
		D22641A3205555C70001D758 /* Resource */ = {
			isa = PBXGroup;
			children = (
				D22641A4205555C70001D758 /* font */,
			);
			path = Resource;
			sourceTree = "<group>";
		};
		D22641A4205555C70001D758 /* font */ = {
			isa = PBXGroup;
			children = (
				D22641A5205555DC0001D758 /* MedulaOne-Regular.ttf */,
			);
			path = font;
			sourceTree = "<group>";
		};
		D25188422054D3C8000147CC = {
			isa = PBXGroup;
			children = (
				D251884D2054D3C8000147CC /* Alpface */,
				D251884C2054D3C8000147CC /* Products */,
			);
			sourceTree = "<group>";
		};
		D251884C2054D3C8000147CC /* Products */ = {
			isa = PBXGroup;
			children = (
				D251884B2054D3C8000147CC /* Alpface.app */,
			);
			name = Products;
			sourceTree = "<group>";
		};
		D251884D2054D3C8000147CC /* Alpface */ = {
			isa = PBXGroup;
			children = (
				D22641A3205555C70001D758 /* Resource */,
				D251884E2054D3C8000147CC /* AppDelegate.swift */,
				D25188552054D3C8000147CC /* Assets.xcassets */,
				D25188572054D3C8000147CC /* LaunchScreen.storyboard */,
				D251885A2054D3C8000147CC /* Info.plist */,
				D2D692CC2054EA17005C6E42 /* RootViewController.swift */,
				D2D692CE2054EE81005C6E42 /* MainAppViewController.swift */,
				D2D692D02054EF1A005C6E42 /* MainAppScrollingContainerViewController.swift */,
				D2D692D22054FECA005C6E42 /* GestureCoordinatingCollectionView.swift */,
				D2D692D420550227005C6E42 /* ScrollingContainerCell.swift */,
				D2264185205513710001D758 /* CollectionViewSection.swift */,
				D2264189205514360001D758 /* BaseCellModel.swift */,
				D226418B20551C260001D758 /* MainAppScrollingContainerItem.swift */,
				D226418D205520C50001D758 /* MainTabBarController.swift */,
				D226418F205520DC0001D758 /* MainNavigationController.swift */,
				D2264191205521530001D758 /* StoryCreationViewController.swift */,
				D2264193205521C50001D758 /* StoryCameraViewController.swift */,
				D2264195205525740001D758 /* MainFeedViewController.swift */,
				D2E3E1272056D068003CCEEC /* MainFeedViewCell.swift */,
				D22641972055259C0001D758 /* ExploreViewController.swift */,
				D2264199205525A90001D758 /* MessageViewController.swift */,
				D226419B205525F40001D758 /* UserProfileViewController.swift */,
				D226419D20552E230001D758 /* ListCollectionView.swift */,
				D226419F205550220001D758 /* UINavigationBar+Attributes.swift */,
				D22641A1205550B50001D758 /* UIColor+HexColor.swift */,
				D22641CB2056B9C70001D758 /* UIApplication+StatusBarAppearanceUpdate.swift */,
				D2E3E1292056D188003CCEEC /* PlayVideoViewController.swift */,
				D2E5A6E5205C197A00FAF8D1 /* VideoPlayerView.swift */,
				D2E3E12B2056D206003CCEEC /* PlayInteractionViewController.swift */,
				D2E3E12D2056D312003CCEEC /* FeedCellViewController.swift */,
			);
			path = Alpface;
			sourceTree = "<group>";
		};
/* End PBXGroup section */

/* Begin PBXNativeTarget section */
		D251884A2054D3C8000147CC /* Alpface */ = {
			isa = PBXNativeTarget;
			buildConfigurationList = D251885D2054D3C8000147CC /* Build configuration list for PBXNativeTarget "Alpface" */;
			buildPhases = (
				D25188472054D3C8000147CC /* Sources */,
				D25188482054D3C8000147CC /* Frameworks */,
				D25188492054D3C8000147CC /* Resources */,
			);
			buildRules = (
			);
			dependencies = (
			);
			name = Alpface;
			productName = Alpface;
			productReference = D251884B2054D3C8000147CC /* Alpface.app */;
			productType = "com.apple.product-type.application";
		};
/* End PBXNativeTarget section */

/* Begin PBXProject section */
		D25188432054D3C8000147CC /* Project object */ = {
			isa = PBXProject;
			attributes = {
				LastSwiftUpdateCheck = 0920;
				LastUpgradeCheck = 0920;
				ORGANIZATIONNAME = alpface;
				TargetAttributes = {
					D251884A2054D3C8000147CC = {
						CreatedOnToolsVersion = 9.2;
						ProvisioningStyle = Automatic;
					};
				};
			};
			buildConfigurationList = D25188462054D3C8000147CC /* Build configuration list for PBXProject "Alpface" */;
			compatibilityVersion = "Xcode 8.0";
			developmentRegion = en;
			hasScannedForEncodings = 0;
			knownRegions = (
				en,
				Base,
			);
			mainGroup = D25188422054D3C8000147CC;
			productRefGroup = D251884C2054D3C8000147CC /* Products */;
			projectDirPath = "";
			projectRoot = "";
			targets = (
				D251884A2054D3C8000147CC /* Alpface */,
			);
		};
/* End PBXProject section */

/* Begin PBXResourcesBuildPhase section */
		D25188492054D3C8000147CC /* Resources */ = {
			isa = PBXResourcesBuildPhase;
			buildActionMask = 2147483647;
			files = (
				D22641A6205555DC0001D758 /* MedulaOne-Regular.ttf in Resources */,
				D25188592054D3C8000147CC /* LaunchScreen.storyboard in Resources */,
				D25188562054D3C8000147CC /* Assets.xcassets in Resources */,
			);
			runOnlyForDeploymentPostprocessing = 0;
		};
/* End PBXResourcesBuildPhase section */

/* Begin PBXSourcesBuildPhase section */
		D25188472054D3C8000147CC /* Sources */ = {
			isa = PBXSourcesBuildPhase;
			buildActionMask = 2147483647;
			files = (
				D22641982055259C0001D758 /* ExploreViewController.swift in Sources */,
				D251884F2054D3C8000147CC /* AppDelegate.swift in Sources */,
				D2D692D12054EF1A005C6E42 /* MainAppScrollingContainerViewController.swift in Sources */,
				D226418E205520C50001D758 /* MainTabBarController.swift in Sources */,
				D2264192205521530001D758 /* StoryCreationViewController.swift in Sources */,
				D22641A0205550220001D758 /* UINavigationBar+Attributes.swift in Sources */,
				D22641CC2056B9C70001D758 /* UIApplication+StatusBarAppearanceUpdate.swift in Sources */,
				D226419C205525F40001D758 /* UserProfileViewController.swift in Sources */,
				D2264190205520DC0001D758 /* MainNavigationController.swift in Sources */,
				D2264196205525740001D758 /* MainFeedViewController.swift in Sources */,
				D226418A205514360001D758 /* BaseCellModel.swift in Sources */,
				D2E5A6E6205C197A00FAF8D1 /* VideoPlayerView.swift in Sources */,
				D2E3E12C2056D206003CCEEC /* PlayInteractionViewController.swift in Sources */,
				D226418C20551C260001D758 /* MainAppScrollingContainerItem.swift in Sources */,
				D2264194205521C50001D758 /* StoryCameraViewController.swift in Sources */,
				D2E3E1282056D068003CCEEC /* MainFeedViewCell.swift in Sources */,
				D2E3E12E2056D312003CCEEC /* FeedCellViewController.swift in Sources */,
				D226419A205525A90001D758 /* MessageViewController.swift in Sources */,
				D2E3E12A2056D188003CCEEC /* PlayVideoViewController.swift in Sources */,
				D22641A2205550B50001D758 /* UIColor+HexColor.swift in Sources */,
				D2D692D520550227005C6E42 /* ScrollingContainerCell.swift in Sources */,
				D2D692D32054FECA005C6E42 /* GestureCoordinatingCollectionView.swift in Sources */,
				D226419E20552E230001D758 /* ListCollectionView.swift in Sources */,
				D2D692CD2054EA17005C6E42 /* RootViewController.swift in Sources */,
				D2D692CF2054EE81005C6E42 /* MainAppViewController.swift in Sources */,
				D2264186205513710001D758 /* CollectionViewSection.swift in Sources */,
			);
			runOnlyForDeploymentPostprocessing = 0;
		};
/* End PBXSourcesBuildPhase section */

/* Begin PBXVariantGroup section */
		D25188572054D3C8000147CC /* LaunchScreen.storyboard */ = {
			isa = PBXVariantGroup;
			children = (
				D25188582054D3C8000147CC /* Base */,
			);
			name = LaunchScreen.storyboard;
			sourceTree = "<group>";
		};
/* End PBXVariantGroup section */

/* Begin XCBuildConfiguration section */
		D251885B2054D3C8000147CC /* Debug */ = {
			isa = XCBuildConfiguration;
			buildSettings = {
				ALWAYS_SEARCH_USER_PATHS = NO;
				CLANG_ANALYZER_NONNULL = YES;
				CLANG_ANALYZER_NUMBER_OBJECT_CONVERSION = YES_AGGRESSIVE;
				CLANG_CXX_LANGUAGE_STANDARD = "gnu++14";
				CLANG_CXX_LIBRARY = "libc++";
				CLANG_ENABLE_MODULES = YES;
				CLANG_ENABLE_OBJC_ARC = YES;
				CLANG_WARN_BLOCK_CAPTURE_AUTORELEASING = YES;
				CLANG_WARN_BOOL_CONVERSION = YES;
				CLANG_WARN_COMMA = YES;
				CLANG_WARN_CONSTANT_CONVERSION = YES;
				CLANG_WARN_DIRECT_OBJC_ISA_USAGE = YES_ERROR;
				CLANG_WARN_DOCUMENTATION_COMMENTS = YES;
				CLANG_WARN_EMPTY_BODY = YES;
				CLANG_WARN_ENUM_CONVERSION = YES;
				CLANG_WARN_INFINITE_RECURSION = YES;
				CLANG_WARN_INT_CONVERSION = YES;
				CLANG_WARN_NON_LITERAL_NULL_CONVERSION = YES;
				CLANG_WARN_OBJC_LITERAL_CONVERSION = YES;
				CLANG_WARN_OBJC_ROOT_CLASS = YES_ERROR;
				CLANG_WARN_RANGE_LOOP_ANALYSIS = YES;
				CLANG_WARN_STRICT_PROTOTYPES = YES;
				CLANG_WARN_SUSPICIOUS_MOVE = YES;
				CLANG_WARN_UNGUARDED_AVAILABILITY = YES_AGGRESSIVE;
				CLANG_WARN_UNREACHABLE_CODE = YES;
				CLANG_WARN__DUPLICATE_METHOD_MATCH = YES;
				CODE_SIGN_IDENTITY = "iPhone Developer";
				COPY_PHASE_STRIP = NO;
				DEBUG_INFORMATION_FORMAT = dwarf;
				ENABLE_STRICT_OBJC_MSGSEND = YES;
				ENABLE_TESTABILITY = YES;
				GCC_C_LANGUAGE_STANDARD = gnu11;
				GCC_DYNAMIC_NO_PIC = NO;
				GCC_NO_COMMON_BLOCKS = YES;
				GCC_OPTIMIZATION_LEVEL = 0;
				GCC_PREPROCESSOR_DEFINITIONS = (
					"DEBUG=1",
					"$(inherited)",
				);
				GCC_WARN_64_TO_32_BIT_CONVERSION = YES;
				GCC_WARN_ABOUT_RETURN_TYPE = YES_ERROR;
				GCC_WARN_UNDECLARED_SELECTOR = YES;
				GCC_WARN_UNINITIALIZED_AUTOS = YES_AGGRESSIVE;
				GCC_WARN_UNUSED_FUNCTION = YES;
				GCC_WARN_UNUSED_VARIABLE = YES;
				IPHONEOS_DEPLOYMENT_TARGET = 11.2;
				MTL_ENABLE_DEBUG_INFO = YES;
				ONLY_ACTIVE_ARCH = YES;
				SDKROOT = iphoneos;
				SWIFT_ACTIVE_COMPILATION_CONDITIONS = DEBUG;
				SWIFT_OPTIMIZATION_LEVEL = "-Onone";
			};
			name = Debug;
		};
		D251885C2054D3C8000147CC /* Release */ = {
			isa = XCBuildConfiguration;
			buildSettings = {
				ALWAYS_SEARCH_USER_PATHS = NO;
				CLANG_ANALYZER_NONNULL = YES;
				CLANG_ANALYZER_NUMBER_OBJECT_CONVERSION = YES_AGGRESSIVE;
				CLANG_CXX_LANGUAGE_STANDARD = "gnu++14";
				CLANG_CXX_LIBRARY = "libc++";
				CLANG_ENABLE_MODULES = YES;
				CLANG_ENABLE_OBJC_ARC = YES;
				CLANG_WARN_BLOCK_CAPTURE_AUTORELEASING = YES;
				CLANG_WARN_BOOL_CONVERSION = YES;
				CLANG_WARN_COMMA = YES;
				CLANG_WARN_CONSTANT_CONVERSION = YES;
				CLANG_WARN_DIRECT_OBJC_ISA_USAGE = YES_ERROR;
				CLANG_WARN_DOCUMENTATION_COMMENTS = YES;
				CLANG_WARN_EMPTY_BODY = YES;
				CLANG_WARN_ENUM_CONVERSION = YES;
				CLANG_WARN_INFINITE_RECURSION = YES;
				CLANG_WARN_INT_CONVERSION = YES;
				CLANG_WARN_NON_LITERAL_NULL_CONVERSION = YES;
				CLANG_WARN_OBJC_LITERAL_CONVERSION = YES;
				CLANG_WARN_OBJC_ROOT_CLASS = YES_ERROR;
				CLANG_WARN_RANGE_LOOP_ANALYSIS = YES;
				CLANG_WARN_STRICT_PROTOTYPES = YES;
				CLANG_WARN_SUSPICIOUS_MOVE = YES;
				CLANG_WARN_UNGUARDED_AVAILABILITY = YES_AGGRESSIVE;
				CLANG_WARN_UNREACHABLE_CODE = YES;
				CLANG_WARN__DUPLICATE_METHOD_MATCH = YES;
				CODE_SIGN_IDENTITY = "iPhone Developer";
				COPY_PHASE_STRIP = NO;
				DEBUG_INFORMATION_FORMAT = "dwarf-with-dsym";
				ENABLE_NS_ASSERTIONS = NO;
				ENABLE_STRICT_OBJC_MSGSEND = YES;
				GCC_C_LANGUAGE_STANDARD = gnu11;
				GCC_NO_COMMON_BLOCKS = YES;
				GCC_WARN_64_TO_32_BIT_CONVERSION = YES;
				GCC_WARN_ABOUT_RETURN_TYPE = YES_ERROR;
				GCC_WARN_UNDECLARED_SELECTOR = YES;
				GCC_WARN_UNINITIALIZED_AUTOS = YES_AGGRESSIVE;
				GCC_WARN_UNUSED_FUNCTION = YES;
				GCC_WARN_UNUSED_VARIABLE = YES;
				IPHONEOS_DEPLOYMENT_TARGET = 11.2;
				MTL_ENABLE_DEBUG_INFO = NO;
				SDKROOT = iphoneos;
				SWIFT_OPTIMIZATION_LEVEL = "-Owholemodule";
				VALIDATE_PRODUCT = YES;
			};
			name = Release;
		};
		D251885E2054D3C8000147CC /* Debug */ = {
			isa = XCBuildConfiguration;
			buildSettings = {
				ASSETCATALOG_COMPILER_APPICON_NAME = AppIcon;
				CODE_SIGN_STYLE = Automatic;
				DEVELOPMENT_TEAM = NKW67GFDHM;
				INFOPLIST_FILE = Alpface/Info.plist;
				IPHONEOS_DEPLOYMENT_TARGET = 10.0;
				LD_RUNPATH_SEARCH_PATHS = "$(inherited) @executable_path/Frameworks";
				PRODUCT_BUNDLE_IDENTIFIER = com.alpface.Alpface;
				PRODUCT_NAME = "$(TARGET_NAME)";
				SWIFT_VERSION = 4.0;
				TARGETED_DEVICE_FAMILY = "1,2";
			};
			name = Debug;
		};
		D251885F2054D3C8000147CC /* Release */ = {
			isa = XCBuildConfiguration;
			buildSettings = {
				ASSETCATALOG_COMPILER_APPICON_NAME = AppIcon;
				CODE_SIGN_STYLE = Automatic;
				DEVELOPMENT_TEAM = NKW67GFDHM;
				INFOPLIST_FILE = Alpface/Info.plist;
				IPHONEOS_DEPLOYMENT_TARGET = 10.0;
				LD_RUNPATH_SEARCH_PATHS = "$(inherited) @executable_path/Frameworks";
				PRODUCT_BUNDLE_IDENTIFIER = com.alpface.Alpface;
				PRODUCT_NAME = "$(TARGET_NAME)";
				SWIFT_VERSION = 4.0;
				TARGETED_DEVICE_FAMILY = "1,2";
			};
			name = Release;
		};
/* End XCBuildConfiguration section */

/* Begin XCConfigurationList section */
		D25188462054D3C8000147CC /* Build configuration list for PBXProject "Alpface" */ = {
			isa = XCConfigurationList;
			buildConfigurations = (
				D251885B2054D3C8000147CC /* Debug */,
				D251885C2054D3C8000147CC /* Release */,
			);
			defaultConfigurationIsVisible = 0;
			defaultConfigurationName = Release;
		};
		D251885D2054D3C8000147CC /* Build configuration list for PBXNativeTarget "Alpface" */ = {
			isa = XCConfigurationList;
			buildConfigurations = (
				D251885E2054D3C8000147CC /* Debug */,
				D251885F2054D3C8000147CC /* Release */,
			);
			defaultConfigurationIsVisible = 0;
			defaultConfigurationName = Release;
		};
/* End XCConfigurationList section */
	};
	rootObject = D25188432054D3C8000147CC /* Project object */;
}
