// !$*UTF8*$!
{
	archiveVersion = 1;
	classes = {
	};
	objectVersion = 48;
	objects = {

/* Begin PBXBuildFile section */
		17B0454459EAD0F7C5571E1C /* Pods_Alpface.framework in Frameworks */ = {isa = PBXBuildFile; fileRef = BDFDA0C2D6581C9D18243E45 /* Pods_Alpface.framework */; };
		D0C1E3502086E7BB0013F98B /* MainNavigationBar.swift in Sources */ = {isa = PBXBuildFile; fileRef = D0C1E34F2086E7BB0013F98B /* MainNavigationBar.swift */; };
		D0C1E3522086EDFC0013F98B /* NSAttributedString+Extension.swift in Sources */ = {isa = PBXBuildFile; fileRef = D0C1E3512086EDFC0013F98B /* NSAttributedString+Extension.swift */; };
		D0DB45A42085B4F0000C291A /* PublishViewController.xib in Resources */ = {isa = PBXBuildFile; fileRef = D0DB45A32085B4F0000C291A /* PublishViewController.xib */; };
		D0DB45AA2085B7C6000C291A /* AdaptiveTextView.swift in Sources */ = {isa = PBXBuildFile; fileRef = D0DB45A92085B7C6000C291A /* AdaptiveTextView.swift */; };
		D200930C2078C51E0079AD8B /* RegisterViewController.swift in Sources */ = {isa = PBXBuildFile; fileRef = D200930B2078C51E0079AD8B /* RegisterViewController.swift */; };
		D20093272078EEC50079AD8B /* CameraViewAssets.xcassets in Resources */ = {isa = PBXBuildFile; fileRef = D200930E2078EEC50079AD8B /* CameraViewAssets.xcassets */; };
		D20093282078EEC50079AD8B /* CroppingParameters.swift in Sources */ = {isa = PBXBuildFile; fileRef = D20093102078EEC50079AD8B /* CroppingParameters.swift */; };
		D20093292078EEC50079AD8B /* Utilities.swift in Sources */ = {isa = PBXBuildFile; fileRef = D20093112078EEC50079AD8B /* Utilities.swift */; };
		D200932A2078EEC50079AD8B /* CameraGlobals.swift in Sources */ = {isa = PBXBuildFile; fileRef = D20093122078EEC50079AD8B /* CameraGlobals.swift */; };
		D200932B2078EEC50079AD8B /* SingleImageFetcher.swift in Sources */ = {isa = PBXBuildFile; fileRef = D20093132078EEC50079AD8B /* SingleImageFetcher.swift */; };
		D200932C2078EEC50079AD8B /* CameraShot.swift in Sources */ = {isa = PBXBuildFile; fileRef = D20093142078EEC50079AD8B /* CameraShot.swift */; };
		D200932D2078EEC50079AD8B /* SingleImageSaver.swift in Sources */ = {isa = PBXBuildFile; fileRef = D20093152078EEC50079AD8B /* SingleImageSaver.swift */; };
		D200932E2078EEC50079AD8B /* VolumeControl.swift in Sources */ = {isa = PBXBuildFile; fileRef = D20093162078EEC50079AD8B /* VolumeControl.swift */; };
		D200932F2078EEC50079AD8B /* PhotoLibraryAuthorizer.swift in Sources */ = {isa = PBXBuildFile; fileRef = D20093172078EEC50079AD8B /* PhotoLibraryAuthorizer.swift */; };
		D20093302078EEC50079AD8B /* UIViewExtensions.swift in Sources */ = {isa = PBXBuildFile; fileRef = D20093182078EEC50079AD8B /* UIViewExtensions.swift */; };
		D20093312078EEC50079AD8B /* UIButtonExtensions.swift in Sources */ = {isa = PBXBuildFile; fileRef = D20093192078EEC50079AD8B /* UIButtonExtensions.swift */; };
		D20093322078EEC50079AD8B /* ImageFetcher.swift in Sources */ = {isa = PBXBuildFile; fileRef = D200931A2078EEC50079AD8B /* ImageFetcher.swift */; };
		D20093332078EEC50079AD8B /* CameraView.strings in Resources */ = {isa = PBXBuildFile; fileRef = D200931B2078EEC50079AD8B /* CameraView.strings */; };
		D20093342078EEC50079AD8B /* CameraViewControllerConstraint.swift in Sources */ = {isa = PBXBuildFile; fileRef = D200931D2078EEC50079AD8B /* CameraViewControllerConstraint.swift */; };
		D20093352078EEC50079AD8B /* PhotoLibraryViewController.swift in Sources */ = {isa = PBXBuildFile; fileRef = D200931E2078EEC50079AD8B /* PhotoLibraryViewController.swift */; };
		D20093362078EEC50079AD8B /* ConfirmViewController.swift in Sources */ = {isa = PBXBuildFile; fileRef = D200931F2078EEC50079AD8B /* ConfirmViewController.swift */; };
		D20093372078EEC50079AD8B /* CameraViewController.swift in Sources */ = {isa = PBXBuildFile; fileRef = D20093202078EEC50079AD8B /* CameraViewController.swift */; };
		D20093382078EEC50079AD8B /* ConfirmViewController.xib in Resources */ = {isa = PBXBuildFile; fileRef = D20093212078EEC50079AD8B /* ConfirmViewController.xib */; };
		D20093392078EEC50079AD8B /* CameraView.swift in Sources */ = {isa = PBXBuildFile; fileRef = D20093232078EEC50079AD8B /* CameraView.swift */; };
		D200933A2078EEC50079AD8B /* CropOverlay.swift in Sources */ = {isa = PBXBuildFile; fileRef = D20093242078EEC50079AD8B /* CropOverlay.swift */; };
		D200933B2078EEC50079AD8B /* PermissionsView.swift in Sources */ = {isa = PBXBuildFile; fileRef = D20093252078EEC50079AD8B /* PermissionsView.swift */; };
		D200933C2078EEC50079AD8B /* ImageCell.swift in Sources */ = {isa = PBXBuildFile; fileRef = D20093262078EEC50079AD8B /* ImageCell.swift */; };
		D20093442078F16E0079AD8B /* PCLBlurEffectAlert+TransitionAnimator.swift in Sources */ = {isa = PBXBuildFile; fileRef = D20093402078F16E0079AD8B /* PCLBlurEffectAlert+TransitionAnimator.swift */; };
		D20093452078F16E0079AD8B /* PCLBlurEffectAlert.swift in Sources */ = {isa = PBXBuildFile; fileRef = D20093412078F16E0079AD8B /* PCLBlurEffectAlert.swift */; };
		D20093462078F16E0079AD8B /* PCLBlurEffectAlert+Action.swift in Sources */ = {isa = PBXBuildFile; fileRef = D20093422078F16E0079AD8B /* PCLBlurEffectAlert+Action.swift */; };
		D20093472078F16E0079AD8B /* PCLBlurEffectAlert+Controller.swift in Sources */ = {isa = PBXBuildFile; fileRef = D20093432078F16E0079AD8B /* PCLBlurEffectAlert+Controller.swift */; };
		D21A2CCB207CF5C600335A8A /* EditUserProfileViewController.swift in Sources */ = {isa = PBXBuildFile; fileRef = D21A2CCA207CF5C600335A8A /* EditUserProfileViewController.swift */; };
		D21A2CCD207CFA0600335A8A /* StickyHeaderContainerView.swift in Sources */ = {isa = PBXBuildFile; fileRef = D21A2CCC207CFA0600335A8A /* StickyHeaderContainerView.swift */; };
		D21A2CD1207D09DC00335A8A /* EditProfileTableViewCell.swift in Sources */ = {isa = PBXBuildFile; fileRef = D21A2CD0207D09DC00335A8A /* EditProfileTableViewCell.swift */; };
		D21A2CD3207D0BF800335A8A /* EditProfileHeaderView.swift in Sources */ = {isa = PBXBuildFile; fileRef = D21A2CD2207D0BF800335A8A /* EditProfileHeaderView.swift */; };
		D21A2CD5207D154400335A8A /* EditUserProfileModel.swift in Sources */ = {isa = PBXBuildFile; fileRef = D21A2CD4207D154400335A8A /* EditUserProfileModel.swift */; };
		D22FD054207A6586003E08B9 /* XYEmptyData.swift in Sources */ = {isa = PBXBuildFile; fileRef = D22FD053207A6586003E08B9 /* XYEmptyData.swift */; };
		D22FD056207A65A2003E08B9 /* RuntimeExtensions.swift in Sources */ = {isa = PBXBuildFile; fileRef = D22FD055207A65A1003E08B9 /* RuntimeExtensions.swift */; };
		D2371D912084F73B00588BEC /* PublishViewController.swift in Sources */ = {isa = PBXBuildFile; fileRef = D2371D902084F73B00588BEC /* PublishViewController.swift */; };
		D2371D942084FD7F00588BEC /* VideoFile.swift in Sources */ = {isa = PBXBuildFile; fileRef = D2371D932084FD7F00588BEC /* VideoFile.swift */; };
		D25188562054D3C8000147CC /* Assets.xcassets in Resources */ = {isa = PBXBuildFile; fileRef = D25188552054D3C8000147CC /* Assets.xcassets */; };
		D25188592054D3C8000147CC /* LaunchScreen.storyboard in Resources */ = {isa = PBXBuildFile; fileRef = D25188572054D3C8000147CC /* LaunchScreen.storyboard */; };
		D26AD43220668F140047DC15 /* StoryCameraViewController.swift in Sources */ = {isa = PBXBuildFile; fileRef = D26AD41020668F130047DC15 /* StoryCameraViewController.swift */; };
		D26AD43320668F140047DC15 /* StoryCreationViewController.swift in Sources */ = {isa = PBXBuildFile; fileRef = D26AD41120668F130047DC15 /* StoryCreationViewController.swift */; };
		D26AD43420668F140047DC15 /* MedulaOne-Regular.ttf in Resources */ = {isa = PBXBuildFile; fileRef = D26AD41420668F130047DC15 /* MedulaOne-Regular.ttf */; };
		D26AD43720668F140047DC15 /* MessageViewController.swift in Sources */ = {isa = PBXBuildFile; fileRef = D26AD41920668F140047DC15 /* MessageViewController.swift */; };
		D26AD43820668F140047DC15 /* UIApplication+StatusBarAppearanceUpdate.swift in Sources */ = {isa = PBXBuildFile; fileRef = D26AD41B20668F140047DC15 /* UIApplication+StatusBarAppearanceUpdate.swift */; };
		D26AD43920668F140047DC15 /* UIColor+HexColor.swift in Sources */ = {isa = PBXBuildFile; fileRef = D26AD41C20668F140047DC15 /* UIColor+HexColor.swift */; };
		D26AD43A20668F140047DC15 /* UINavigationBar+Attributes.swift in Sources */ = {isa = PBXBuildFile; fileRef = D26AD41D20668F140047DC15 /* UINavigationBar+Attributes.swift */; };
		D26AD43B20668F140047DC15 /* AppDelegate.swift in Sources */ = {isa = PBXBuildFile; fileRef = D26AD41F20668F140047DC15 /* AppDelegate.swift */; };
		D26AD43C20668F140047DC15 /* MainAppScrollingContainerItem.swift in Sources */ = {isa = PBXBuildFile; fileRef = D26AD42020668F140047DC15 /* MainAppScrollingContainerItem.swift */; };
		D26AD43D20668F140047DC15 /* MainAppScrollingContainerViewController.swift in Sources */ = {isa = PBXBuildFile; fileRef = D26AD42120668F140047DC15 /* MainAppScrollingContainerViewController.swift */; };
		D26AD43E20668F140047DC15 /* MainAppViewController.swift in Sources */ = {isa = PBXBuildFile; fileRef = D26AD42220668F140047DC15 /* MainAppViewController.swift */; };
		D26AD43F20668F140047DC15 /* MainNavigationController.swift in Sources */ = {isa = PBXBuildFile; fileRef = D26AD42320668F140047DC15 /* MainNavigationController.swift */; };
		D26AD44020668F140047DC15 /* MainTabBarController.swift in Sources */ = {isa = PBXBuildFile; fileRef = D26AD42420668F140047DC15 /* MainTabBarController.swift */; };
		D26AD44120668F140047DC15 /* RootViewController.swift in Sources */ = {isa = PBXBuildFile; fileRef = D26AD42520668F140047DC15 /* RootViewController.swift */; };
		D26AD450206690E60047DC15 /* .gitkeep in Resources */ = {isa = PBXBuildFile; fileRef = D26AD447206690E60047DC15 /* .gitkeep */; };
		D26AD451206690E60047DC15 /* .gitkeep in Resources */ = {isa = PBXBuildFile; fileRef = D26AD449206690E60047DC15 /* .gitkeep */; };
		D26AD452206690E60047DC15 /* PastelGradient.swift in Sources */ = {isa = PBXBuildFile; fileRef = D26AD44A206690E60047DC15 /* PastelGradient.swift */; };
		D26AD453206690E60047DC15 /* PastelLabel.swift in Sources */ = {isa = PBXBuildFile; fileRef = D26AD44B206690E60047DC15 /* PastelLabel.swift */; };
		D26AD454206690E60047DC15 /* PastelPoint.swift in Sources */ = {isa = PBXBuildFile; fileRef = D26AD44C206690E60047DC15 /* PastelPoint.swift */; };
		D26AD455206690E60047DC15 /* PastelView.swift in Sources */ = {isa = PBXBuildFile; fileRef = D26AD44D206690E60047DC15 /* PastelView.swift */; };
		D26AD456206690E60047DC15 /* Info.plist in Resources */ = {isa = PBXBuildFile; fileRef = D26AD44E206690E60047DC15 /* Info.plist */; };
		D26AD45D2066A9C30047DC15 /* ExploreViewController.swift in Sources */ = {isa = PBXBuildFile; fileRef = D26AD45C2066A9C30047DC15 /* ExploreViewController.swift */; };
		D26AD4622066BAF40047DC15 /* LoginViewController.swift in Sources */ = {isa = PBXBuildFile; fileRef = D26AD45F2066BAF40047DC15 /* LoginViewController.swift */; };
		D26AD4652066BB180047DC15 /* User.swift in Sources */ = {isa = PBXBuildFile; fileRef = D26AD4642066BB180047DC15 /* User.swift */; };
		D26AD467206729D60047DC15 /* AuthenticationManager.swift in Sources */ = {isa = PBXBuildFile; fileRef = D26AD466206729D60047DC15 /* AuthenticationManager.swift */; };
		D26AD47E20672E120047DC15 /* CustomTransitionViewController.swift in Sources */ = {isa = PBXBuildFile; fileRef = D26AD47A20672E120047DC15 /* CustomTransitionViewController.swift */; };
		D26AD47F20672E120047DC15 /* FadeTransition.swift in Sources */ = {isa = PBXBuildFile; fileRef = D26AD47B20672E120047DC15 /* FadeTransition.swift */; };
		D26AD48020672E120047DC15 /* SpinerLayer.swift in Sources */ = {isa = PBXBuildFile; fileRef = D26AD47C20672E120047DC15 /* SpinerLayer.swift */; };
		D26AD48120672E120047DC15 /* TransitionButton.swift in Sources */ = {isa = PBXBuildFile; fileRef = D26AD47D20672E120047DC15 /* TransitionButton.swift */; };
		D26AD485206733030047DC15 /* UIImage+Extension.swift in Sources */ = {isa = PBXBuildFile; fileRef = D26AD484206733030047DC15 /* UIImage+Extension.swift */; };
		D26AD4872067334E0047DC15 /* UIButton+Attributes.swift in Sources */ = {isa = PBXBuildFile; fileRef = D26AD4862067334E0047DC15 /* UIButton+Attributes.swift */; };
		D26AD489206735CD0047DC15 /* UIView+Attributes.swift in Sources */ = {isa = PBXBuildFile; fileRef = D26AD488206735CD0047DC15 /* UIView+Attributes.swift */; };
		D26AD4952067779F0047DC15 /* HttpRequestHelper.swift in Sources */ = {isa = PBXBuildFile; fileRef = D26AD4942067779F0047DC15 /* HttpRequestHelper.swift */; };
		D26AD49920677C5C0047DC15 /* ALPConstans.swift in Sources */ = {isa = PBXBuildFile; fileRef = D26AD49820677C5C0047DC15 /* ALPConstans.swift */; };
		D27D6CE0208397BF0095425A /* SettingsViewController.swift in Sources */ = {isa = PBXBuildFile; fileRef = D27D6CDF208397BF0095425A /* SettingsViewController.swift */; };
		D27D6CE220839B690095425A /* SettingsTableViewCell.swift in Sources */ = {isa = PBXBuildFile; fileRef = D27D6CE120839B690095425A /* SettingsTableViewCell.swift */; };
		D27D6CE420839E520095425A /* SettingsTableViewCellModel.swift in Sources */ = {isa = PBXBuildFile; fileRef = D27D6CE320839E520095425A /* SettingsTableViewCellModel.swift */; };
		D27D6CE62083A8F70095425A /* ALPTheme.swift in Sources */ = {isa = PBXBuildFile; fileRef = D27D6CE52083A8F70095425A /* ALPTheme.swift */; };
		D28953642076A4EE0029CE92 /* ProfileHeaderView.swift in Sources */ = {isa = PBXBuildFile; fileRef = D289535E2076A4EE0029CE92 /* ProfileHeaderView.swift */; };
		D28953652076A4EE0029CE92 /* ScrollableSegmentedControl.swift in Sources */ = {isa = PBXBuildFile; fileRef = D289535F2076A4EE0029CE92 /* ScrollableSegmentedControl.swift */; };
		D28953662076A4EE0029CE92 /* HitTestContainerViewController.swift in Sources */ = {isa = PBXBuildFile; fileRef = D28953602076A4EE0029CE92 /* HitTestContainerViewController.swift */; };
		D28953672076A4EE0029CE92 /* HitTestScrollViewCell.swift in Sources */ = {isa = PBXBuildFile; fileRef = D28953612076A4EE0029CE92 /* HitTestScrollViewCell.swift */; };
		D28953682076A4EE0029CE92 /* BaseProfileViewController.swift in Sources */ = {isa = PBXBuildFile; fileRef = D28953622076A4EE0029CE92 /* BaseProfileViewController.swift */; };
		D28953692076A4EE0029CE92 /* HitTestScrollView.swift in Sources */ = {isa = PBXBuildFile; fileRef = D28953632076A4EE0029CE92 /* HitTestScrollView.swift */; };
		D289536B2076A5480029CE92 /* UserProfileViewController.swift in Sources */ = {isa = PBXBuildFile; fileRef = D289536A2076A5480029CE92 /* UserProfileViewController.swift */; };
		D289536D2076A5A60029CE92 /* UserProfileChildCollectionViewController.swift in Sources */ = {isa = PBXBuildFile; fileRef = D289536C2076A5A60029CE92 /* UserProfileChildCollectionViewController.swift */; };
		D289536F20771A230029CE92 /* MyReleaseViewController.swift in Sources */ = {isa = PBXBuildFile; fileRef = D289536E20771A230029CE92 /* MyReleaseViewController.swift */; };
		D289537120771A6B0029CE92 /* MyFavoriteViewController.swift in Sources */ = {isa = PBXBuildFile; fileRef = D289537020771A6B0029CE92 /* MyFavoriteViewController.swift */; };
		D289537320771A8B0029CE92 /* MyStoryViewController.swift in Sources */ = {isa = PBXBuildFile; fileRef = D289537220771A8B0029CE92 /* MyStoryViewController.swift */; };
		D289537D20772BE60029CE92 /* ETCollectionViewWaterFallLayout.swift in Sources */ = {isa = PBXBuildFile; fileRef = D289537C20772BE60029CE92 /* ETCollectionViewWaterFallLayout.swift */; };
		D28B2295207732BA00680970 /* VideoGifCollectionViewCell.swift in Sources */ = {isa = PBXBuildFile; fileRef = D28B2294207732BA00680970 /* VideoGifCollectionViewCell.swift */; };
		D2A59BC920710F6300CB0DC2 /* OSProgressView.swift in Sources */ = {isa = PBXBuildFile; fileRef = D2A59BC720710F6200CB0DC2 /* OSProgressView.swift */; };
		D2A59BCA20710F6300CB0DC2 /* UINavigationController+OSProgressBar.swift in Sources */ = {isa = PBXBuildFile; fileRef = D2A59BC820710F6200CB0DC2 /* UINavigationController+OSProgressBar.swift */; };
		D2A59BCC20711CD200CB0DC2 /* FeedVideoDetailView.swift in Sources */ = {isa = PBXBuildFile; fileRef = D2A59BCB20711CD200CB0DC2 /* FeedVideoDetailView.swift */; };
		D2A59BCE20711D3700CB0DC2 /* FeedVideoButton.swift in Sources */ = {isa = PBXBuildFile; fileRef = D2A59BCD20711D3700CB0DC2 /* FeedVideoButton.swift */; };
		D2A59BD5207125AE00CB0DC2 /* DOFavoriteButton.swift in Sources */ = {isa = PBXBuildFile; fileRef = D2A59BD0207125AE00CB0DC2 /* DOFavoriteButton.swift */; };
		D2B165EE208C4D8500FA5F05 /* CommentListViewController.swift in Sources */ = {isa = PBXBuildFile; fileRef = D2B165ED208C4D8500FA5F05 /* CommentListViewController.swift */; };
		D2B165F0208C4F4F00FA5F05 /* CornerBarNaviController.swift in Sources */ = {isa = PBXBuildFile; fileRef = D2B165EF208C4F4F00FA5F05 /* CornerBarNaviController.swift */; };
		D2B165F2208C4FCB00FA5F05 /* SelectMusicViewController.swift in Sources */ = {isa = PBXBuildFile; fileRef = D2B165F1208C4FCB00FA5F05 /* SelectMusicViewController.swift */; };
		D2B165F4208C596300FA5F05 /* PercentDrivenInteractiveTransition.swift in Sources */ = {isa = PBXBuildFile; fileRef = D2B165F3208C596300FA5F05 /* PercentDrivenInteractiveTransition.swift */; };
		D2B165F6208C68A800FA5F05 /* PresentTransition.swift in Sources */ = {isa = PBXBuildFile; fileRef = D2B165F5208C68A800FA5F05 /* PresentTransition.swift */; };
		D2B165F8208C720B00FA5F05 /* TabbarPlaceholderViewController.swift in Sources */ = {isa = PBXBuildFile; fileRef = D2B165F7208C720B00FA5F05 /* TabbarPlaceholderViewController.swift */; };
		D2B16622208CC3B800FA5F05 /* UIView+XYExtension.swift in Sources */ = {isa = PBXBuildFile; fileRef = D2B16621208CC3B800FA5F05 /* UIView+XYExtension.swift */; };
		D2B38C53208B1A1200CA3908 /* MyProfileViewController.swift in Sources */ = {isa = PBXBuildFile; fileRef = D2B38C52208B1A1200CA3908 /* MyProfileViewController.swift */; };
		D2B38C55208B24B700CA3908 /* HomeFeedViewController.swift in Sources */ = {isa = PBXBuildFile; fileRef = D2B38C54208B24B700CA3908 /* HomeFeedViewController.swift */; };
		D2B38C57208B25BB00CA3908 /* VideoDetailListViewController.swift in Sources */ = {isa = PBXBuildFile; fileRef = D2B38C56208B25BB00CA3908 /* VideoDetailListViewController.swift */; };
		D2BCBA43206F33F2008409B3 /* FeedCellViewController.swift in Sources */ = {isa = PBXBuildFile; fileRef = D2BCBA36206F33F1008409B3 /* FeedCellViewController.swift */; };
		D2BCBA44206F33F2008409B3 /* MainFeedViewController.swift in Sources */ = {isa = PBXBuildFile; fileRef = D2BCBA37206F33F1008409B3 /* MainFeedViewController.swift */; };
		D2BCBA45206F33F2008409B3 /* PlayInteractionViewController.swift in Sources */ = {isa = PBXBuildFile; fileRef = D2BCBA38206F33F1008409B3 /* PlayInteractionViewController.swift */; };
		D2BCBA46206F33F2008409B3 /* PlayVideoViewController.swift in Sources */ = {isa = PBXBuildFile; fileRef = D2BCBA39206F33F1008409B3 /* PlayVideoViewController.swift */; };
		D2BCBA47206F33F2008409B3 /* BaseCellModel.swift in Sources */ = {isa = PBXBuildFile; fileRef = D2BCBA3B206F33F1008409B3 /* BaseCellModel.swift */; };
		D2BCBA48206F33F2008409B3 /* CollectionViewSection.swift in Sources */ = {isa = PBXBuildFile; fileRef = D2BCBA3C206F33F1008409B3 /* CollectionViewSection.swift */; };
		D2BCBA49206F33F2008409B3 /* GestureCoordinatingCollectionView.swift in Sources */ = {isa = PBXBuildFile; fileRef = D2BCBA3E206F33F1008409B3 /* GestureCoordinatingCollectionView.swift */; };
		D2BCBA4A206F33F2008409B3 /* ListCollectionView.swift in Sources */ = {isa = PBXBuildFile; fileRef = D2BCBA3F206F33F1008409B3 /* ListCollectionView.swift */; };
		D2BCBA4B206F33F2008409B3 /* MainFeedViewCell.swift in Sources */ = {isa = PBXBuildFile; fileRef = D2BCBA40206F33F1008409B3 /* MainFeedViewCell.swift */; };
		D2BCBA4C206F33F2008409B3 /* ScrollingContainerCell.swift in Sources */ = {isa = PBXBuildFile; fileRef = D2BCBA41206F33F1008409B3 /* ScrollingContainerCell.swift */; };
		D2BCBA4D206F33F2008409B3 /* VideoPlayerView.swift in Sources */ = {isa = PBXBuildFile; fileRef = D2BCBA42206F33F1008409B3 /* VideoPlayerView.swift */; };
		D2BCBA4F206F6D02008409B3 /* VideoItem.swift in Sources */ = {isa = PBXBuildFile; fileRef = D2BCBA4E206F6D02008409B3 /* VideoItem.swift */; };
		D2BCBA53206FA737008409B3 /* VideoRatingItem.swift in Sources */ = {isa = PBXBuildFile; fileRef = D2BCBA52206FA737008409B3 /* VideoRatingItem.swift */; };
		D2D6632A208185510044E2A7 /* MBProgressHUD+XYExtension.swift in Sources */ = {isa = PBXBuildFile; fileRef = D2D66329208185510044E2A7 /* MBProgressHUD+XYExtension.swift */; };
		D2D6632E208245F30044E2A7 /* AppUtils.swift in Sources */ = {isa = PBXBuildFile; fileRef = D2D6632D208245F30044E2A7 /* AppUtils.swift */; };
		D2D663302082E83C0044E2A7 /* README.md in Resources */ = {isa = PBXBuildFile; fileRef = D2D6632F2082E83C0044E2A7 /* README.md */; };
		D2DC5748206FB1F300458F54 /* VideoRequest.swift in Sources */ = {isa = PBXBuildFile; fileRef = D2DC5747206FB1F300458F54 /* VideoRequest.swift */; };
		D2DC574A206FB7EA00458F54 /* AccountLogin.swift in Sources */ = {isa = PBXBuildFile; fileRef = D2DC5749206FB7EA00458F54 /* AccountLogin.swift */; };
		D2DC574C20706D7C00458F54 /* PlayVideoModel.swift in Sources */ = {isa = PBXBuildFile; fileRef = D2DC574B20706D7C00458F54 /* PlayVideoModel.swift */; };
		D2DC57552070D64C00458F54 /* HeartAnimation.swift in Sources */ = {isa = PBXBuildFile; fileRef = D2DC57542070D64C00458F54 /* HeartAnimation.swift */; };
/* End PBXBuildFile section */

/* Begin PBXFileReference section */
		33ED24E632F2865D9C7AD091 /* Pods-Alpface.release.xcconfig */ = {isa = PBXFileReference; includeInIndex = 1; lastKnownFileType = text.xcconfig; name = "Pods-Alpface.release.xcconfig"; path = "Pods/Target Support Files/Pods-Alpface/Pods-Alpface.release.xcconfig"; sourceTree = "<group>"; };
		BDFDA0C2D6581C9D18243E45 /* Pods_Alpface.framework */ = {isa = PBXFileReference; explicitFileType = wrapper.framework; includeInIndex = 0; path = Pods_Alpface.framework; sourceTree = BUILT_PRODUCTS_DIR; };
		D0C1E34F2086E7BB0013F98B /* MainNavigationBar.swift */ = {isa = PBXFileReference; lastKnownFileType = sourcecode.swift; path = MainNavigationBar.swift; sourceTree = "<group>"; };
		D0C1E3512086EDFC0013F98B /* NSAttributedString+Extension.swift */ = {isa = PBXFileReference; lastKnownFileType = sourcecode.swift; path = "NSAttributedString+Extension.swift"; sourceTree = "<group>"; };
		D0DB45A32085B4F0000C291A /* PublishViewController.xib */ = {isa = PBXFileReference; lastKnownFileType = file.xib; path = PublishViewController.xib; sourceTree = "<group>"; };
		D0DB45A92085B7C6000C291A /* AdaptiveTextView.swift */ = {isa = PBXFileReference; lastKnownFileType = sourcecode.swift; path = AdaptiveTextView.swift; sourceTree = "<group>"; };
		D200930B2078C51E0079AD8B /* RegisterViewController.swift */ = {isa = PBXFileReference; lastKnownFileType = sourcecode.swift; path = RegisterViewController.swift; sourceTree = "<group>"; };
		D200930E2078EEC50079AD8B /* CameraViewAssets.xcassets */ = {isa = PBXFileReference; lastKnownFileType = folder.assetcatalog; path = CameraViewAssets.xcassets; sourceTree = "<group>"; };
		D20093102078EEC50079AD8B /* CroppingParameters.swift */ = {isa = PBXFileReference; fileEncoding = 4; lastKnownFileType = sourcecode.swift; path = CroppingParameters.swift; sourceTree = "<group>"; };
		D20093112078EEC50079AD8B /* Utilities.swift */ = {isa = PBXFileReference; fileEncoding = 4; lastKnownFileType = sourcecode.swift; path = Utilities.swift; sourceTree = "<group>"; };
		D20093122078EEC50079AD8B /* CameraGlobals.swift */ = {isa = PBXFileReference; fileEncoding = 4; lastKnownFileType = sourcecode.swift; path = CameraGlobals.swift; sourceTree = "<group>"; };
		D20093132078EEC50079AD8B /* SingleImageFetcher.swift */ = {isa = PBXFileReference; fileEncoding = 4; lastKnownFileType = sourcecode.swift; path = SingleImageFetcher.swift; sourceTree = "<group>"; };
		D20093142078EEC50079AD8B /* CameraShot.swift */ = {isa = PBXFileReference; fileEncoding = 4; lastKnownFileType = sourcecode.swift; path = CameraShot.swift; sourceTree = "<group>"; };
		D20093152078EEC50079AD8B /* SingleImageSaver.swift */ = {isa = PBXFileReference; fileEncoding = 4; lastKnownFileType = sourcecode.swift; path = SingleImageSaver.swift; sourceTree = "<group>"; };
		D20093162078EEC50079AD8B /* VolumeControl.swift */ = {isa = PBXFileReference; fileEncoding = 4; lastKnownFileType = sourcecode.swift; path = VolumeControl.swift; sourceTree = "<group>"; };
		D20093172078EEC50079AD8B /* PhotoLibraryAuthorizer.swift */ = {isa = PBXFileReference; fileEncoding = 4; lastKnownFileType = sourcecode.swift; path = PhotoLibraryAuthorizer.swift; sourceTree = "<group>"; };
		D20093182078EEC50079AD8B /* UIViewExtensions.swift */ = {isa = PBXFileReference; fileEncoding = 4; lastKnownFileType = sourcecode.swift; path = UIViewExtensions.swift; sourceTree = "<group>"; };
		D20093192078EEC50079AD8B /* UIButtonExtensions.swift */ = {isa = PBXFileReference; fileEncoding = 4; lastKnownFileType = sourcecode.swift; path = UIButtonExtensions.swift; sourceTree = "<group>"; };
		D200931A2078EEC50079AD8B /* ImageFetcher.swift */ = {isa = PBXFileReference; fileEncoding = 4; lastKnownFileType = sourcecode.swift; path = ImageFetcher.swift; sourceTree = "<group>"; };
		D200931B2078EEC50079AD8B /* CameraView.strings */ = {isa = PBXFileReference; fileEncoding = 4; lastKnownFileType = text.plist.strings; path = CameraView.strings; sourceTree = "<group>"; };
		D200931D2078EEC50079AD8B /* CameraViewControllerConstraint.swift */ = {isa = PBXFileReference; fileEncoding = 4; lastKnownFileType = sourcecode.swift; path = CameraViewControllerConstraint.swift; sourceTree = "<group>"; };
		D200931E2078EEC50079AD8B /* PhotoLibraryViewController.swift */ = {isa = PBXFileReference; fileEncoding = 4; lastKnownFileType = sourcecode.swift; path = PhotoLibraryViewController.swift; sourceTree = "<group>"; };
		D200931F2078EEC50079AD8B /* ConfirmViewController.swift */ = {isa = PBXFileReference; fileEncoding = 4; lastKnownFileType = sourcecode.swift; path = ConfirmViewController.swift; sourceTree = "<group>"; };
		D20093202078EEC50079AD8B /* CameraViewController.swift */ = {isa = PBXFileReference; fileEncoding = 4; lastKnownFileType = sourcecode.swift; path = CameraViewController.swift; sourceTree = "<group>"; };
		D20093212078EEC50079AD8B /* ConfirmViewController.xib */ = {isa = PBXFileReference; fileEncoding = 4; lastKnownFileType = file.xib; path = ConfirmViewController.xib; sourceTree = "<group>"; };
		D20093232078EEC50079AD8B /* CameraView.swift */ = {isa = PBXFileReference; fileEncoding = 4; lastKnownFileType = sourcecode.swift; path = CameraView.swift; sourceTree = "<group>"; };
		D20093242078EEC50079AD8B /* CropOverlay.swift */ = {isa = PBXFileReference; fileEncoding = 4; lastKnownFileType = sourcecode.swift; path = CropOverlay.swift; sourceTree = "<group>"; };
		D20093252078EEC50079AD8B /* PermissionsView.swift */ = {isa = PBXFileReference; fileEncoding = 4; lastKnownFileType = sourcecode.swift; path = PermissionsView.swift; sourceTree = "<group>"; };
		D20093262078EEC50079AD8B /* ImageCell.swift */ = {isa = PBXFileReference; fileEncoding = 4; lastKnownFileType = sourcecode.swift; path = ImageCell.swift; sourceTree = "<group>"; };
		D20093402078F16E0079AD8B /* PCLBlurEffectAlert+TransitionAnimator.swift */ = {isa = PBXFileReference; fileEncoding = 4; lastKnownFileType = sourcecode.swift; path = "PCLBlurEffectAlert+TransitionAnimator.swift"; sourceTree = "<group>"; };
		D20093412078F16E0079AD8B /* PCLBlurEffectAlert.swift */ = {isa = PBXFileReference; fileEncoding = 4; lastKnownFileType = sourcecode.swift; path = PCLBlurEffectAlert.swift; sourceTree = "<group>"; };
		D20093422078F16E0079AD8B /* PCLBlurEffectAlert+Action.swift */ = {isa = PBXFileReference; fileEncoding = 4; lastKnownFileType = sourcecode.swift; path = "PCLBlurEffectAlert+Action.swift"; sourceTree = "<group>"; };
		D20093432078F16E0079AD8B /* PCLBlurEffectAlert+Controller.swift */ = {isa = PBXFileReference; fileEncoding = 4; lastKnownFileType = sourcecode.swift; path = "PCLBlurEffectAlert+Controller.swift"; sourceTree = "<group>"; };
		D21A2CCA207CF5C600335A8A /* EditUserProfileViewController.swift */ = {isa = PBXFileReference; lastKnownFileType = sourcecode.swift; path = EditUserProfileViewController.swift; sourceTree = "<group>"; };
		D21A2CCC207CFA0600335A8A /* StickyHeaderContainerView.swift */ = {isa = PBXFileReference; lastKnownFileType = sourcecode.swift; path = StickyHeaderContainerView.swift; sourceTree = "<group>"; };
		D21A2CD0207D09DC00335A8A /* EditProfileTableViewCell.swift */ = {isa = PBXFileReference; lastKnownFileType = sourcecode.swift; path = EditProfileTableViewCell.swift; sourceTree = "<group>"; };
		D21A2CD2207D0BF800335A8A /* EditProfileHeaderView.swift */ = {isa = PBXFileReference; fileEncoding = 4; lastKnownFileType = sourcecode.swift; path = EditProfileHeaderView.swift; sourceTree = "<group>"; };
		D21A2CD4207D154400335A8A /* EditUserProfileModel.swift */ = {isa = PBXFileReference; lastKnownFileType = sourcecode.swift; path = EditUserProfileModel.swift; sourceTree = "<group>"; };
		D22FD053207A6586003E08B9 /* XYEmptyData.swift */ = {isa = PBXFileReference; fileEncoding = 4; lastKnownFileType = sourcecode.swift; path = XYEmptyData.swift; sourceTree = "<group>"; };
		D22FD055207A65A1003E08B9 /* RuntimeExtensions.swift */ = {isa = PBXFileReference; fileEncoding = 4; lastKnownFileType = sourcecode.swift; path = RuntimeExtensions.swift; sourceTree = "<group>"; };
		D2371D902084F73B00588BEC /* PublishViewController.swift */ = {isa = PBXFileReference; lastKnownFileType = sourcecode.swift; path = PublishViewController.swift; sourceTree = "<group>"; };
		D2371D932084FD7F00588BEC /* VideoFile.swift */ = {isa = PBXFileReference; lastKnownFileType = sourcecode.swift; path = VideoFile.swift; sourceTree = "<group>"; };
		D251884B2054D3C8000147CC /* Alpface.app */ = {isa = PBXFileReference; explicitFileType = wrapper.application; includeInIndex = 0; path = Alpface.app; sourceTree = BUILT_PRODUCTS_DIR; };
		D25188552054D3C8000147CC /* Assets.xcassets */ = {isa = PBXFileReference; lastKnownFileType = folder.assetcatalog; path = Assets.xcassets; sourceTree = "<group>"; };
		D25188582054D3C8000147CC /* Base */ = {isa = PBXFileReference; lastKnownFileType = file.storyboard; name = Base; path = Base.lproj/LaunchScreen.storyboard; sourceTree = "<group>"; };
		D251885A2054D3C8000147CC /* Info.plist */ = {isa = PBXFileReference; lastKnownFileType = text.plist.xml; path = Info.plist; sourceTree = "<group>"; };
		D26AD41020668F130047DC15 /* StoryCameraViewController.swift */ = {isa = PBXFileReference; fileEncoding = 4; lastKnownFileType = sourcecode.swift; path = StoryCameraViewController.swift; sourceTree = "<group>"; };
		D26AD41120668F130047DC15 /* StoryCreationViewController.swift */ = {isa = PBXFileReference; fileEncoding = 4; lastKnownFileType = sourcecode.swift; path = StoryCreationViewController.swift; sourceTree = "<group>"; };
		D26AD41420668F130047DC15 /* MedulaOne-Regular.ttf */ = {isa = PBXFileReference; lastKnownFileType = file; path = "MedulaOne-Regular.ttf"; sourceTree = "<group>"; };
		D26AD41920668F140047DC15 /* MessageViewController.swift */ = {isa = PBXFileReference; fileEncoding = 4; lastKnownFileType = sourcecode.swift; path = MessageViewController.swift; sourceTree = "<group>"; };
		D26AD41B20668F140047DC15 /* UIApplication+StatusBarAppearanceUpdate.swift */ = {isa = PBXFileReference; fileEncoding = 4; lastKnownFileType = sourcecode.swift; path = "UIApplication+StatusBarAppearanceUpdate.swift"; sourceTree = "<group>"; };
		D26AD41C20668F140047DC15 /* UIColor+HexColor.swift */ = {isa = PBXFileReference; fileEncoding = 4; lastKnownFileType = sourcecode.swift; path = "UIColor+HexColor.swift"; sourceTree = "<group>"; };
		D26AD41D20668F140047DC15 /* UINavigationBar+Attributes.swift */ = {isa = PBXFileReference; fileEncoding = 4; lastKnownFileType = sourcecode.swift; path = "UINavigationBar+Attributes.swift"; sourceTree = "<group>"; };
		D26AD41F20668F140047DC15 /* AppDelegate.swift */ = {isa = PBXFileReference; fileEncoding = 4; lastKnownFileType = sourcecode.swift; path = AppDelegate.swift; sourceTree = "<group>"; };
		D26AD42020668F140047DC15 /* MainAppScrollingContainerItem.swift */ = {isa = PBXFileReference; fileEncoding = 4; lastKnownFileType = sourcecode.swift; path = MainAppScrollingContainerItem.swift; sourceTree = "<group>"; };
		D26AD42120668F140047DC15 /* MainAppScrollingContainerViewController.swift */ = {isa = PBXFileReference; fileEncoding = 4; lastKnownFileType = sourcecode.swift; path = MainAppScrollingContainerViewController.swift; sourceTree = "<group>"; };
		D26AD42220668F140047DC15 /* MainAppViewController.swift */ = {isa = PBXFileReference; fileEncoding = 4; lastKnownFileType = sourcecode.swift; path = MainAppViewController.swift; sourceTree = "<group>"; };
		D26AD42320668F140047DC15 /* MainNavigationController.swift */ = {isa = PBXFileReference; fileEncoding = 4; lastKnownFileType = sourcecode.swift; path = MainNavigationController.swift; sourceTree = "<group>"; };
		D26AD42420668F140047DC15 /* MainTabBarController.swift */ = {isa = PBXFileReference; fileEncoding = 4; lastKnownFileType = sourcecode.swift; path = MainTabBarController.swift; sourceTree = "<group>"; };
		D26AD42520668F140047DC15 /* RootViewController.swift */ = {isa = PBXFileReference; fileEncoding = 4; lastKnownFileType = sourcecode.swift; path = RootViewController.swift; sourceTree = "<group>"; };
		D26AD447206690E60047DC15 /* .gitkeep */ = {isa = PBXFileReference; fileEncoding = 4; lastKnownFileType = text; path = .gitkeep; sourceTree = "<group>"; };
		D26AD449206690E60047DC15 /* .gitkeep */ = {isa = PBXFileReference; fileEncoding = 4; lastKnownFileType = text; path = .gitkeep; sourceTree = "<group>"; };
		D26AD44A206690E60047DC15 /* PastelGradient.swift */ = {isa = PBXFileReference; fileEncoding = 4; lastKnownFileType = sourcecode.swift; path = PastelGradient.swift; sourceTree = "<group>"; };
		D26AD44B206690E60047DC15 /* PastelLabel.swift */ = {isa = PBXFileReference; fileEncoding = 4; lastKnownFileType = sourcecode.swift; path = PastelLabel.swift; sourceTree = "<group>"; };
		D26AD44C206690E60047DC15 /* PastelPoint.swift */ = {isa = PBXFileReference; fileEncoding = 4; lastKnownFileType = sourcecode.swift; path = PastelPoint.swift; sourceTree = "<group>"; };
		D26AD44D206690E60047DC15 /* PastelView.swift */ = {isa = PBXFileReference; fileEncoding = 4; lastKnownFileType = sourcecode.swift; path = PastelView.swift; sourceTree = "<group>"; };
		D26AD44E206690E60047DC15 /* Info.plist */ = {isa = PBXFileReference; fileEncoding = 4; lastKnownFileType = text.plist.xml; path = Info.plist; sourceTree = "<group>"; };
		D26AD44F206690E60047DC15 /* Pastel.h */ = {isa = PBXFileReference; fileEncoding = 4; lastKnownFileType = sourcecode.c.h; path = Pastel.h; sourceTree = "<group>"; };
		D26AD45C2066A9C30047DC15 /* ExploreViewController.swift */ = {isa = PBXFileReference; fileEncoding = 4; lastKnownFileType = sourcecode.swift; path = ExploreViewController.swift; sourceTree = "<group>"; };
		D26AD45F2066BAF40047DC15 /* LoginViewController.swift */ = {isa = PBXFileReference; fileEncoding = 4; lastKnownFileType = sourcecode.swift; path = LoginViewController.swift; sourceTree = "<group>"; };
		D26AD4642066BB180047DC15 /* User.swift */ = {isa = PBXFileReference; lastKnownFileType = sourcecode.swift; path = User.swift; sourceTree = "<group>"; };
		D26AD466206729D60047DC15 /* AuthenticationManager.swift */ = {isa = PBXFileReference; lastKnownFileType = sourcecode.swift; path = AuthenticationManager.swift; sourceTree = "<group>"; };
		D26AD47A20672E120047DC15 /* CustomTransitionViewController.swift */ = {isa = PBXFileReference; fileEncoding = 4; lastKnownFileType = sourcecode.swift; path = CustomTransitionViewController.swift; sourceTree = "<group>"; };
		D26AD47B20672E120047DC15 /* FadeTransition.swift */ = {isa = PBXFileReference; fileEncoding = 4; lastKnownFileType = sourcecode.swift; path = FadeTransition.swift; sourceTree = "<group>"; };
		D26AD47C20672E120047DC15 /* SpinerLayer.swift */ = {isa = PBXFileReference; fileEncoding = 4; lastKnownFileType = sourcecode.swift; path = SpinerLayer.swift; sourceTree = "<group>"; };
		D26AD47D20672E120047DC15 /* TransitionButton.swift */ = {isa = PBXFileReference; fileEncoding = 4; lastKnownFileType = sourcecode.swift; path = TransitionButton.swift; sourceTree = "<group>"; };
		D26AD484206733030047DC15 /* UIImage+Extension.swift */ = {isa = PBXFileReference; lastKnownFileType = sourcecode.swift; path = "UIImage+Extension.swift"; sourceTree = "<group>"; };
		D26AD4862067334E0047DC15 /* UIButton+Attributes.swift */ = {isa = PBXFileReference; lastKnownFileType = sourcecode.swift; path = "UIButton+Attributes.swift"; sourceTree = "<group>"; };
		D26AD488206735CD0047DC15 /* UIView+Attributes.swift */ = {isa = PBXFileReference; lastKnownFileType = sourcecode.swift; path = "UIView+Attributes.swift"; sourceTree = "<group>"; };
		D26AD4942067779F0047DC15 /* HttpRequestHelper.swift */ = {isa = PBXFileReference; fileEncoding = 4; lastKnownFileType = sourcecode.swift; path = HttpRequestHelper.swift; sourceTree = "<group>"; };
		D26AD49820677C5C0047DC15 /* ALPConstans.swift */ = {isa = PBXFileReference; lastKnownFileType = sourcecode.swift; path = ALPConstans.swift; sourceTree = "<group>"; };
		D27D6CDF208397BF0095425A /* SettingsViewController.swift */ = {isa = PBXFileReference; lastKnownFileType = sourcecode.swift; path = SettingsViewController.swift; sourceTree = "<group>"; };
		D27D6CE120839B690095425A /* SettingsTableViewCell.swift */ = {isa = PBXFileReference; lastKnownFileType = sourcecode.swift; path = SettingsTableViewCell.swift; sourceTree = "<group>"; };
		D27D6CE320839E520095425A /* SettingsTableViewCellModel.swift */ = {isa = PBXFileReference; lastKnownFileType = sourcecode.swift; path = SettingsTableViewCellModel.swift; sourceTree = "<group>"; };
		D27D6CE52083A8F70095425A /* ALPTheme.swift */ = {isa = PBXFileReference; lastKnownFileType = sourcecode.swift; path = ALPTheme.swift; sourceTree = "<group>"; };
		D289535E2076A4EE0029CE92 /* ProfileHeaderView.swift */ = {isa = PBXFileReference; fileEncoding = 4; lastKnownFileType = sourcecode.swift; path = ProfileHeaderView.swift; sourceTree = "<group>"; };
		D289535F2076A4EE0029CE92 /* ScrollableSegmentedControl.swift */ = {isa = PBXFileReference; fileEncoding = 4; lastKnownFileType = sourcecode.swift; path = ScrollableSegmentedControl.swift; sourceTree = "<group>"; };
		D28953602076A4EE0029CE92 /* HitTestContainerViewController.swift */ = {isa = PBXFileReference; fileEncoding = 4; lastKnownFileType = sourcecode.swift; path = HitTestContainerViewController.swift; sourceTree = "<group>"; };
		D28953612076A4EE0029CE92 /* HitTestScrollViewCell.swift */ = {isa = PBXFileReference; fileEncoding = 4; lastKnownFileType = sourcecode.swift; path = HitTestScrollViewCell.swift; sourceTree = "<group>"; };
		D28953622076A4EE0029CE92 /* BaseProfileViewController.swift */ = {isa = PBXFileReference; fileEncoding = 4; lastKnownFileType = sourcecode.swift; path = BaseProfileViewController.swift; sourceTree = "<group>"; };
		D28953632076A4EE0029CE92 /* HitTestScrollView.swift */ = {isa = PBXFileReference; fileEncoding = 4; lastKnownFileType = sourcecode.swift; path = HitTestScrollView.swift; sourceTree = "<group>"; };
		D289536A2076A5480029CE92 /* UserProfileViewController.swift */ = {isa = PBXFileReference; fileEncoding = 4; lastKnownFileType = sourcecode.swift; path = UserProfileViewController.swift; sourceTree = "<group>"; };
		D289536C2076A5A60029CE92 /* UserProfileChildCollectionViewController.swift */ = {isa = PBXFileReference; fileEncoding = 4; lastKnownFileType = sourcecode.swift; path = UserProfileChildCollectionViewController.swift; sourceTree = "<group>"; };
		D289536E20771A230029CE92 /* MyReleaseViewController.swift */ = {isa = PBXFileReference; lastKnownFileType = sourcecode.swift; path = MyReleaseViewController.swift; sourceTree = "<group>"; };
		D289537020771A6B0029CE92 /* MyFavoriteViewController.swift */ = {isa = PBXFileReference; lastKnownFileType = sourcecode.swift; path = MyFavoriteViewController.swift; sourceTree = "<group>"; };
		D289537220771A8B0029CE92 /* MyStoryViewController.swift */ = {isa = PBXFileReference; lastKnownFileType = sourcecode.swift; path = MyStoryViewController.swift; sourceTree = "<group>"; };
		D289537C20772BE60029CE92 /* ETCollectionViewWaterFallLayout.swift */ = {isa = PBXFileReference; fileEncoding = 4; lastKnownFileType = sourcecode.swift; path = ETCollectionViewWaterFallLayout.swift; sourceTree = "<group>"; };
		D28B2294207732BA00680970 /* VideoGifCollectionViewCell.swift */ = {isa = PBXFileReference; lastKnownFileType = sourcecode.swift; path = VideoGifCollectionViewCell.swift; sourceTree = "<group>"; };
		D2A59BC720710F6200CB0DC2 /* OSProgressView.swift */ = {isa = PBXFileReference; fileEncoding = 4; lastKnownFileType = sourcecode.swift; path = OSProgressView.swift; sourceTree = "<group>"; };
		D2A59BC820710F6200CB0DC2 /* UINavigationController+OSProgressBar.swift */ = {isa = PBXFileReference; fileEncoding = 4; lastKnownFileType = sourcecode.swift; path = "UINavigationController+OSProgressBar.swift"; sourceTree = "<group>"; };
		D2A59BCB20711CD200CB0DC2 /* FeedVideoDetailView.swift */ = {isa = PBXFileReference; lastKnownFileType = sourcecode.swift; path = FeedVideoDetailView.swift; sourceTree = "<group>"; };
		D2A59BCD20711D3700CB0DC2 /* FeedVideoButton.swift */ = {isa = PBXFileReference; lastKnownFileType = sourcecode.swift; path = FeedVideoButton.swift; sourceTree = "<group>"; };
		D2A59BD0207125AE00CB0DC2 /* DOFavoriteButton.swift */ = {isa = PBXFileReference; fileEncoding = 4; lastKnownFileType = sourcecode.swift; path = DOFavoriteButton.swift; sourceTree = "<group>"; };
		D2B165ED208C4D8500FA5F05 /* CommentListViewController.swift */ = {isa = PBXFileReference; lastKnownFileType = sourcecode.swift; path = CommentListViewController.swift; sourceTree = "<group>"; };
		D2B165EF208C4F4F00FA5F05 /* CornerBarNaviController.swift */ = {isa = PBXFileReference; lastKnownFileType = sourcecode.swift; path = CornerBarNaviController.swift; sourceTree = "<group>"; };
		D2B165F1208C4FCB00FA5F05 /* SelectMusicViewController.swift */ = {isa = PBXFileReference; lastKnownFileType = sourcecode.swift; path = SelectMusicViewController.swift; sourceTree = "<group>"; };
		D2B165F3208C596300FA5F05 /* PercentDrivenInteractiveTransition.swift */ = {isa = PBXFileReference; lastKnownFileType = sourcecode.swift; path = PercentDrivenInteractiveTransition.swift; sourceTree = "<group>"; };
		D2B165F5208C68A800FA5F05 /* PresentTransition.swift */ = {isa = PBXFileReference; lastKnownFileType = sourcecode.swift; path = PresentTransition.swift; sourceTree = "<group>"; };
		D2B165F7208C720B00FA5F05 /* TabbarPlaceholderViewController.swift */ = {isa = PBXFileReference; lastKnownFileType = sourcecode.swift; path = TabbarPlaceholderViewController.swift; sourceTree = "<group>"; };
		D2B16621208CC3B800FA5F05 /* UIView+XYExtension.swift */ = {isa = PBXFileReference; lastKnownFileType = sourcecode.swift; path = "UIView+XYExtension.swift"; sourceTree = "<group>"; };
		D2B38C52208B1A1200CA3908 /* MyProfileViewController.swift */ = {isa = PBXFileReference; lastKnownFileType = sourcecode.swift; path = MyProfileViewController.swift; sourceTree = "<group>"; };
		D2B38C54208B24B700CA3908 /* HomeFeedViewController.swift */ = {isa = PBXFileReference; lastKnownFileType = sourcecode.swift; path = HomeFeedViewController.swift; sourceTree = "<group>"; };
		D2B38C56208B25BB00CA3908 /* VideoDetailListViewController.swift */ = {isa = PBXFileReference; lastKnownFileType = sourcecode.swift; path = VideoDetailListViewController.swift; sourceTree = "<group>"; };
		D2BCBA36206F33F1008409B3 /* FeedCellViewController.swift */ = {isa = PBXFileReference; fileEncoding = 4; lastKnownFileType = sourcecode.swift; path = FeedCellViewController.swift; sourceTree = "<group>"; };
		D2BCBA37206F33F1008409B3 /* MainFeedViewController.swift */ = {isa = PBXFileReference; fileEncoding = 4; lastKnownFileType = sourcecode.swift; path = MainFeedViewController.swift; sourceTree = "<group>"; };
		D2BCBA38206F33F1008409B3 /* PlayInteractionViewController.swift */ = {isa = PBXFileReference; fileEncoding = 4; lastKnownFileType = sourcecode.swift; path = PlayInteractionViewController.swift; sourceTree = "<group>"; };
		D2BCBA39206F33F1008409B3 /* PlayVideoViewController.swift */ = {isa = PBXFileReference; fileEncoding = 4; lastKnownFileType = sourcecode.swift; path = PlayVideoViewController.swift; sourceTree = "<group>"; };
		D2BCBA3B206F33F1008409B3 /* BaseCellModel.swift */ = {isa = PBXFileReference; fileEncoding = 4; lastKnownFileType = sourcecode.swift; path = BaseCellModel.swift; sourceTree = "<group>"; };
		D2BCBA3C206F33F1008409B3 /* CollectionViewSection.swift */ = {isa = PBXFileReference; fileEncoding = 4; lastKnownFileType = sourcecode.swift; path = CollectionViewSection.swift; sourceTree = "<group>"; };
		D2BCBA3E206F33F1008409B3 /* GestureCoordinatingCollectionView.swift */ = {isa = PBXFileReference; fileEncoding = 4; lastKnownFileType = sourcecode.swift; path = GestureCoordinatingCollectionView.swift; sourceTree = "<group>"; };
		D2BCBA3F206F33F1008409B3 /* ListCollectionView.swift */ = {isa = PBXFileReference; fileEncoding = 4; lastKnownFileType = sourcecode.swift; path = ListCollectionView.swift; sourceTree = "<group>"; };
		D2BCBA40206F33F1008409B3 /* MainFeedViewCell.swift */ = {isa = PBXFileReference; fileEncoding = 4; lastKnownFileType = sourcecode.swift; path = MainFeedViewCell.swift; sourceTree = "<group>"; };
		D2BCBA41206F33F1008409B3 /* ScrollingContainerCell.swift */ = {isa = PBXFileReference; fileEncoding = 4; lastKnownFileType = sourcecode.swift; path = ScrollingContainerCell.swift; sourceTree = "<group>"; };
		D2BCBA42206F33F1008409B3 /* VideoPlayerView.swift */ = {isa = PBXFileReference; fileEncoding = 4; lastKnownFileType = sourcecode.swift; path = VideoPlayerView.swift; sourceTree = "<group>"; };
		D2BCBA4E206F6D02008409B3 /* VideoItem.swift */ = {isa = PBXFileReference; lastKnownFileType = sourcecode.swift; path = VideoItem.swift; sourceTree = "<group>"; };
		D2BCBA52206FA737008409B3 /* VideoRatingItem.swift */ = {isa = PBXFileReference; lastKnownFileType = sourcecode.swift; path = VideoRatingItem.swift; sourceTree = "<group>"; };
		D2D66329208185510044E2A7 /* MBProgressHUD+XYExtension.swift */ = {isa = PBXFileReference; lastKnownFileType = sourcecode.swift; path = "MBProgressHUD+XYExtension.swift"; sourceTree = "<group>"; };
		D2D6632D208245F30044E2A7 /* AppUtils.swift */ = {isa = PBXFileReference; lastKnownFileType = sourcecode.swift; path = AppUtils.swift; sourceTree = "<group>"; };
		D2D6632F2082E83C0044E2A7 /* README.md */ = {isa = PBXFileReference; fileEncoding = 4; lastKnownFileType = net.daringfireball.markdown; path = README.md; sourceTree = SOURCE_ROOT; };
		D2DC5747206FB1F300458F54 /* VideoRequest.swift */ = {isa = PBXFileReference; lastKnownFileType = sourcecode.swift; path = VideoRequest.swift; sourceTree = "<group>"; };
		D2DC5749206FB7EA00458F54 /* AccountLogin.swift */ = {isa = PBXFileReference; fileEncoding = 4; lastKnownFileType = sourcecode.swift; path = AccountLogin.swift; sourceTree = "<group>"; };
		D2DC574B20706D7C00458F54 /* PlayVideoModel.swift */ = {isa = PBXFileReference; lastKnownFileType = sourcecode.swift; path = PlayVideoModel.swift; sourceTree = "<group>"; };
		D2DC57542070D64C00458F54 /* HeartAnimation.swift */ = {isa = PBXFileReference; lastKnownFileType = sourcecode.swift; path = HeartAnimation.swift; sourceTree = "<group>"; };
		FB768995D8F6D8FF332CFBDB /* Pods-Alpface.debug.xcconfig */ = {isa = PBXFileReference; includeInIndex = 1; lastKnownFileType = text.xcconfig; name = "Pods-Alpface.debug.xcconfig"; path = "Pods/Target Support Files/Pods-Alpface/Pods-Alpface.debug.xcconfig"; sourceTree = "<group>"; };
/* End PBXFileReference section */

/* Begin PBXFrameworksBuildPhase section */
		D25188482054D3C8000147CC /* Frameworks */ = {
			isa = PBXFrameworksBuildPhase;
			buildActionMask = 2147483647;
			files = (
				17B0454459EAD0F7C5571E1C /* Pods_Alpface.framework in Frameworks */,
			);
			runOnlyForDeploymentPostprocessing = 0;
		};
/* End PBXFrameworksBuildPhase section */

/* Begin PBXGroup section */
		4C408099D0230098C7A306A6 /* Pods */ = {
			isa = PBXGroup;
			children = (
				FB768995D8F6D8FF332CFBDB /* Pods-Alpface.debug.xcconfig */,
				33ED24E632F2865D9C7AD091 /* Pods-Alpface.release.xcconfig */,
			);
			name = Pods;
			sourceTree = "<group>";
		};
		D0DB45A52085B742000C291A /* TextView */ = {
			isa = PBXGroup;
			children = (
				D0DB45A92085B7C6000C291A /* AdaptiveTextView.swift */,
			);
			path = TextView;
			sourceTree = "<group>";
		};
		D200930D2078EEC50079AD8B /* ALCameraViewController */ = {
			isa = PBXGroup;
			children = (
				D200930E2078EEC50079AD8B /* CameraViewAssets.xcassets */,
				D200930F2078EEC50079AD8B /* Utilities */,
				D200931B2078EEC50079AD8B /* CameraView.strings */,
				D200931C2078EEC50079AD8B /* ViewController */,
				D20093222078EEC50079AD8B /* Views */,
			);
			path = ALCameraViewController;
			sourceTree = "<group>";
		};
		D200930F2078EEC50079AD8B /* Utilities */ = {
			isa = PBXGroup;
			children = (
				D20093102078EEC50079AD8B /* CroppingParameters.swift */,
				D20093112078EEC50079AD8B /* Utilities.swift */,
				D20093122078EEC50079AD8B /* CameraGlobals.swift */,
				D20093132078EEC50079AD8B /* SingleImageFetcher.swift */,
				D20093142078EEC50079AD8B /* CameraShot.swift */,
				D20093152078EEC50079AD8B /* SingleImageSaver.swift */,
				D20093162078EEC50079AD8B /* VolumeControl.swift */,
				D20093172078EEC50079AD8B /* PhotoLibraryAuthorizer.swift */,
				D20093182078EEC50079AD8B /* UIViewExtensions.swift */,
				D20093192078EEC50079AD8B /* UIButtonExtensions.swift */,
				D200931A2078EEC50079AD8B /* ImageFetcher.swift */,
			);
			path = Utilities;
			sourceTree = "<group>";
		};
		D200931C2078EEC50079AD8B /* ViewController */ = {
			isa = PBXGroup;
			children = (
				D200931D2078EEC50079AD8B /* CameraViewControllerConstraint.swift */,
				D200931E2078EEC50079AD8B /* PhotoLibraryViewController.swift */,
				D200931F2078EEC50079AD8B /* ConfirmViewController.swift */,
				D20093202078EEC50079AD8B /* CameraViewController.swift */,
				D20093212078EEC50079AD8B /* ConfirmViewController.xib */,
			);
			path = ViewController;
			sourceTree = "<group>";
		};
		D20093222078EEC50079AD8B /* Views */ = {
			isa = PBXGroup;
			children = (
				D20093232078EEC50079AD8B /* CameraView.swift */,
				D20093242078EEC50079AD8B /* CropOverlay.swift */,
				D20093252078EEC50079AD8B /* PermissionsView.swift */,
				D20093262078EEC50079AD8B /* ImageCell.swift */,
			);
			path = Views;
			sourceTree = "<group>";
		};
		D200933E2078F16E0079AD8B /* PCLBlurEffectAlert */ = {
			isa = PBXGroup;
			children = (
				D20093402078F16E0079AD8B /* PCLBlurEffectAlert+TransitionAnimator.swift */,
				D20093412078F16E0079AD8B /* PCLBlurEffectAlert.swift */,
				D20093422078F16E0079AD8B /* PCLBlurEffectAlert+Action.swift */,
				D20093432078F16E0079AD8B /* PCLBlurEffectAlert+Controller.swift */,
			);
			path = PCLBlurEffectAlert;
			sourceTree = "<group>";
		};
		D22FD052207A6586003E08B9 /* XYEmptyData */ = {
			isa = PBXGroup;
			children = (
				D22FD055207A65A1003E08B9 /* RuntimeExtensions.swift */,
				D22FD053207A6586003E08B9 /* XYEmptyData.swift */,
			);
			path = XYEmptyData;
			sourceTree = "<group>";
		};
		D2371D8E2084F6E900588BEC /* Publish */ = {
			isa = PBXGroup;
			children = (
				D2371D922084FD6500588BEC /* Models */,
				D2371D8F2084F70900588BEC /* Controllers */,
			);
			path = Publish;
			sourceTree = "<group>";
		};
		D2371D8F2084F70900588BEC /* Controllers */ = {
			isa = PBXGroup;
			children = (
				D2371D902084F73B00588BEC /* PublishViewController.swift */,
				D0DB45A32085B4F0000C291A /* PublishViewController.xib */,
				D2B165EF208C4F4F00FA5F05 /* CornerBarNaviController.swift */,
				D2B165F1208C4FCB00FA5F05 /* SelectMusicViewController.swift */,
			);
			path = Controllers;
			sourceTree = "<group>";
		};
		D2371D922084FD6500588BEC /* Models */ = {
			isa = PBXGroup;
			children = (
				D2371D932084FD7F00588BEC /* VideoFile.swift */,
				D2B165F3208C596300FA5F05 /* PercentDrivenInteractiveTransition.swift */,
				D2B165F5208C68A800FA5F05 /* PresentTransition.swift */,
				D2B165F7208C720B00FA5F05 /* TabbarPlaceholderViewController.swift */,
			);
			path = Models;
			sourceTree = "<group>";
		};
		D25188422054D3C8000147CC = {
			isa = PBXGroup;
			children = (
				D251884D2054D3C8000147CC /* Alpface */,
				D251884C2054D3C8000147CC /* Products */,
				4C408099D0230098C7A306A6 /* Pods */,
				EEFF066B39BFCC38E75500C8 /* Frameworks */,
			);
			sourceTree = "<group>";
		};
		D251884C2054D3C8000147CC /* Products */ = {
			isa = PBXGroup;
			children = (
				D251884B2054D3C8000147CC /* Alpface.app */,
			);
			name = Products;
			sourceTree = "<group>";
		};
		D251884D2054D3C8000147CC /* Alpface */ = {
			isa = PBXGroup;
			children = (
				D26AD41620668F130047DC15 /* Account */,
				D26AD41E20668F140047DC15 /* App */,
				D26AD41A20668F140047DC15 /* Category */,
				D26AD41820668F140047DC15 /* Message */,
				D26AD41220668F130047DC15 /* Resource */,
				D26AD40F20668F130047DC15 /* Story */,
				D26AD40220668F130047DC15 /* Video */,
				D26AD45B2066A9C30047DC15 /* Discover */,
				D26AD444206690B40047DC15 /* ThirdParty */,
				D2371D8E2084F6E900588BEC /* Publish */,
				D2B165EB208C4D6E00FA5F05 /* Comment */,
				D26AD493206777870047DC15 /* Utils */,
				D26AD496206778180047DC15 /* Networking */,
				D26AD49720677C2E0047DC15 /* Others */,
				D25188552054D3C8000147CC /* Assets.xcassets */,
				D2D6632F2082E83C0044E2A7 /* README.md */,
				D25188572054D3C8000147CC /* LaunchScreen.storyboard */,
				D251885A2054D3C8000147CC /* Info.plist */,
			);
			path = Alpface;
			sourceTree = "<group>";
		};
		D26AD40220668F130047DC15 /* Video */ = {
			isa = PBXGroup;
			children = (
				D2BCBA35206F33F1008409B3 /* Controllers */,
				D2BCBA3A206F33F1008409B3 /* Models */,
				D2BCBA3D206F33F1008409B3 /* Views */,
			);
			path = Video;
			sourceTree = "<group>";
		};
		D26AD40F20668F130047DC15 /* Story */ = {
			isa = PBXGroup;
			children = (
				D26AD41020668F130047DC15 /* StoryCameraViewController.swift */,
				D26AD41120668F130047DC15 /* StoryCreationViewController.swift */,
			);
			path = Story;
			sourceTree = "<group>";
		};
		D26AD41220668F130047DC15 /* Resource */ = {
			isa = PBXGroup;
			children = (
				D26AD41320668F130047DC15 /* font */,
			);
			path = Resource;
			sourceTree = "<group>";
		};
		D26AD41320668F130047DC15 /* font */ = {
			isa = PBXGroup;
			children = (
				D26AD41420668F130047DC15 /* MedulaOne-Regular.ttf */,
			);
			path = font;
			sourceTree = "<group>";
		};
		D26AD41620668F130047DC15 /* Account */ = {
			isa = PBXGroup;
			children = (
				D28B22932077329500680970 /* Views */,
				D289535D2076A4EE0029CE92 /* UserProfile */,
				D26AD45E2066BAF40047DC15 /* Controllers */,
				D26AD4612066BAF40047DC15 /* Modles */,
			);
			path = Account;
			sourceTree = "<group>";
		};
		D26AD41820668F140047DC15 /* Message */ = {
			isa = PBXGroup;
			children = (
				D26AD41920668F140047DC15 /* MessageViewController.swift */,
			);
			path = Message;
			sourceTree = "<group>";
		};
		D26AD41A20668F140047DC15 /* Category */ = {
			isa = PBXGroup;
			children = (
				D26AD41B20668F140047DC15 /* UIApplication+StatusBarAppearanceUpdate.swift */,
				D26AD41C20668F140047DC15 /* UIColor+HexColor.swift */,
				D26AD484206733030047DC15 /* UIImage+Extension.swift */,
				D26AD41D20668F140047DC15 /* UINavigationBar+Attributes.swift */,
				D26AD4862067334E0047DC15 /* UIButton+Attributes.swift */,
				D26AD488206735CD0047DC15 /* UIView+Attributes.swift */,
				D2D66329208185510044E2A7 /* MBProgressHUD+XYExtension.swift */,
				D0C1E3512086EDFC0013F98B /* NSAttributedString+Extension.swift */,
				D2B16621208CC3B800FA5F05 /* UIView+XYExtension.swift */,
			);
			path = Category;
			sourceTree = "<group>";
		};
		D26AD41E20668F140047DC15 /* App */ = {
			isa = PBXGroup;
			children = (
				D26AD41F20668F140047DC15 /* AppDelegate.swift */,
				D26AD42020668F140047DC15 /* MainAppScrollingContainerItem.swift */,
				D26AD42120668F140047DC15 /* MainAppScrollingContainerViewController.swift */,
				D26AD42220668F140047DC15 /* MainAppViewController.swift */,
				D26AD42320668F140047DC15 /* MainNavigationController.swift */,
				D26AD42420668F140047DC15 /* MainTabBarController.swift */,
				D26AD42520668F140047DC15 /* RootViewController.swift */,
				D0C1E34F2086E7BB0013F98B /* MainNavigationBar.swift */,
			);
			path = App;
			sourceTree = "<group>";
		};
		D26AD444206690B40047DC15 /* ThirdParty */ = {
			isa = PBXGroup;
			children = (
				D0DB45A52085B742000C291A /* TextView */,
				D22FD052207A6586003E08B9 /* XYEmptyData */,
				D200933E2078F16E0079AD8B /* PCLBlurEffectAlert */,
				D200930D2078EEC50079AD8B /* ALCameraViewController */,
				D289537B20772BE60029CE92 /* CollectionViewLayout */,
				D2A59BCF207125AE00CB0DC2 /* DOFavoriteButton */,
				D2A59BC620710F6200CB0DC2 /* ProgreeBar */,
				D26AD47920672E120047DC15 /* TransitionButton */,
				D26AD445206690E60047DC15 /* Pastel */,
			);
			path = ThirdParty;
			sourceTree = "<group>";
		};
		D26AD445206690E60047DC15 /* Pastel */ = {
			isa = PBXGroup;
			children = (
				D26AD446206690E60047DC15 /* Assets */,
				D26AD448206690E60047DC15 /* Classes */,
				D26AD44E206690E60047DC15 /* Info.plist */,
				D26AD44F206690E60047DC15 /* Pastel.h */,
			);
			path = Pastel;
			sourceTree = "<group>";
		};
		D26AD446206690E60047DC15 /* Assets */ = {
			isa = PBXGroup;
			children = (
				D26AD447206690E60047DC15 /* .gitkeep */,
			);
			path = Assets;
			sourceTree = "<group>";
		};
		D26AD448206690E60047DC15 /* Classes */ = {
			isa = PBXGroup;
			children = (
				D26AD449206690E60047DC15 /* .gitkeep */,
				D26AD44A206690E60047DC15 /* PastelGradient.swift */,
				D26AD44B206690E60047DC15 /* PastelLabel.swift */,
				D26AD44C206690E60047DC15 /* PastelPoint.swift */,
				D26AD44D206690E60047DC15 /* PastelView.swift */,
			);
			path = Classes;
			sourceTree = "<group>";
		};
		D26AD45B2066A9C30047DC15 /* Discover */ = {
			isa = PBXGroup;
			children = (
				D26AD45C2066A9C30047DC15 /* ExploreViewController.swift */,
			);
			path = Discover;
			sourceTree = "<group>";
		};
		D26AD45E2066BAF40047DC15 /* Controllers */ = {
			isa = PBXGroup;
			children = (
				D26AD45F2066BAF40047DC15 /* LoginViewController.swift */,
				D200930B2078C51E0079AD8B /* RegisterViewController.swift */,
				D289536A2076A5480029CE92 /* UserProfileViewController.swift */,
				D289536C2076A5A60029CE92 /* UserProfileChildCollectionViewController.swift */,
				D289536E20771A230029CE92 /* MyReleaseViewController.swift */,
				D289537020771A6B0029CE92 /* MyFavoriteViewController.swift */,
				D289537220771A8B0029CE92 /* MyStoryViewController.swift */,
				D21A2CCA207CF5C600335A8A /* EditUserProfileViewController.swift */,
				D27D6CDF208397BF0095425A /* SettingsViewController.swift */,
				D2B38C52208B1A1200CA3908 /* MyProfileViewController.swift */,
			);
			path = Controllers;
			sourceTree = "<group>";
		};
		D26AD4612066BAF40047DC15 /* Modles */ = {
			isa = PBXGroup;
			children = (
				D26AD4642066BB180047DC15 /* User.swift */,
				D26AD466206729D60047DC15 /* AuthenticationManager.swift */,
				D21A2CD4207D154400335A8A /* EditUserProfileModel.swift */,
				D27D6CE320839E520095425A /* SettingsTableViewCellModel.swift */,
			);
			path = Modles;
			sourceTree = "<group>";
		};
		D26AD47920672E120047DC15 /* TransitionButton */ = {
			isa = PBXGroup;
			children = (
				D26AD47A20672E120047DC15 /* CustomTransitionViewController.swift */,
				D26AD47B20672E120047DC15 /* FadeTransition.swift */,
				D26AD47C20672E120047DC15 /* SpinerLayer.swift */,
				D26AD47D20672E120047DC15 /* TransitionButton.swift */,
			);
			path = TransitionButton;
			sourceTree = "<group>";
		};
		D26AD493206777870047DC15 /* Utils */ = {
			isa = PBXGroup;
			children = (
				D26AD4942067779F0047DC15 /* HttpRequestHelper.swift */,
				D2DC57542070D64C00458F54 /* HeartAnimation.swift */,
				D2D6632D208245F30044E2A7 /* AppUtils.swift */,
			);
			path = Utils;
			sourceTree = "<group>";
		};
		D26AD496206778180047DC15 /* Networking */ = {
			isa = PBXGroup;
			children = (
				D2DC5749206FB7EA00458F54 /* AccountLogin.swift */,
				D2DC5747206FB1F300458F54 /* VideoRequest.swift */,
			);
			path = Networking;
			sourceTree = "<group>";
		};
		D26AD49720677C2E0047DC15 /* Others */ = {
			isa = PBXGroup;
			children = (
				D26AD49820677C5C0047DC15 /* ALPConstans.swift */,
				D27D6CE52083A8F70095425A /* ALPTheme.swift */,
			);
			path = Others;
			sourceTree = "<group>";
		};
		D289535D2076A4EE0029CE92 /* UserProfile */ = {
			isa = PBXGroup;
			children = (
				D289535E2076A4EE0029CE92 /* ProfileHeaderView.swift */,
				D289535F2076A4EE0029CE92 /* ScrollableSegmentedControl.swift */,
				D28953602076A4EE0029CE92 /* HitTestContainerViewController.swift */,
				D28953612076A4EE0029CE92 /* HitTestScrollViewCell.swift */,
				D28953622076A4EE0029CE92 /* BaseProfileViewController.swift */,
				D28953632076A4EE0029CE92 /* HitTestScrollView.swift */,
				D21A2CCC207CFA0600335A8A /* StickyHeaderContainerView.swift */,
			);
			path = UserProfile;
			sourceTree = "<group>";
		};
		D289537B20772BE60029CE92 /* CollectionViewLayout */ = {
			isa = PBXGroup;
			children = (
				D289537C20772BE60029CE92 /* ETCollectionViewWaterFallLayout.swift */,
			);
			path = CollectionViewLayout;
			sourceTree = "<group>";
		};
		D28B22932077329500680970 /* Views */ = {
			isa = PBXGroup;
			children = (
				D21A2CD2207D0BF800335A8A /* EditProfileHeaderView.swift */,
				D28B2294207732BA00680970 /* VideoGifCollectionViewCell.swift */,
				D21A2CD0207D09DC00335A8A /* EditProfileTableViewCell.swift */,
				D27D6CE120839B690095425A /* SettingsTableViewCell.swift */,
			);
			path = Views;
			sourceTree = "<group>";
		};
		D2A59BC620710F6200CB0DC2 /* ProgreeBar */ = {
			isa = PBXGroup;
			children = (
				D2A59BC720710F6200CB0DC2 /* OSProgressView.swift */,
				D2A59BC820710F6200CB0DC2 /* UINavigationController+OSProgressBar.swift */,
			);
			path = ProgreeBar;
			sourceTree = "<group>";
		};
		D2A59BCF207125AE00CB0DC2 /* DOFavoriteButton */ = {
			isa = PBXGroup;
			children = (
				D2A59BD0207125AE00CB0DC2 /* DOFavoriteButton.swift */,
			);
			path = DOFavoriteButton;
			sourceTree = "<group>";
		};
		D2B165EB208C4D6E00FA5F05 /* Comment */ = {
			isa = PBXGroup;
			children = (
				D2B165EC208C4D6E00FA5F05 /* Controllers */,
			);
			path = Comment;
			sourceTree = "<group>";
		};
		D2B165EC208C4D6E00FA5F05 /* Controllers */ = {
			isa = PBXGroup;
			children = (
				D2B165ED208C4D8500FA5F05 /* CommentListViewController.swift */,
			);
			path = Controllers;
			sourceTree = "<group>";
		};
		D2BCBA35206F33F1008409B3 /* Controllers */ = {
			isa = PBXGroup;
			children = (
				D2BCBA36206F33F1008409B3 /* FeedCellViewController.swift */,
				D2BCBA37206F33F1008409B3 /* MainFeedViewController.swift */,
				D2BCBA38206F33F1008409B3 /* PlayInteractionViewController.swift */,
				D2BCBA39206F33F1008409B3 /* PlayVideoViewController.swift */,
				D2B38C54208B24B700CA3908 /* HomeFeedViewController.swift */,
				D2B38C56208B25BB00CA3908 /* VideoDetailListViewController.swift */,
			);
			path = Controllers;
			sourceTree = "<group>";
		};
		D2BCBA3A206F33F1008409B3 /* Models */ = {
			isa = PBXGroup;
			children = (
				D2BCBA3B206F33F1008409B3 /* BaseCellModel.swift */,
				D2BCBA3C206F33F1008409B3 /* CollectionViewSection.swift */,
				D2BCBA4E206F6D02008409B3 /* VideoItem.swift */,
				D2DC574B20706D7C00458F54 /* PlayVideoModel.swift */,
				D2BCBA52206FA737008409B3 /* VideoRatingItem.swift */,
			);
			path = Models;
			sourceTree = "<group>";
		};
		D2BCBA3D206F33F1008409B3 /* Views */ = {
			isa = PBXGroup;
			children = (
				D2BCBA3E206F33F1008409B3 /* GestureCoordinatingCollectionView.swift */,
				D2BCBA3F206F33F1008409B3 /* ListCollectionView.swift */,
				D2BCBA40206F33F1008409B3 /* MainFeedViewCell.swift */,
				D2BCBA41206F33F1008409B3 /* ScrollingContainerCell.swift */,
				D2BCBA42206F33F1008409B3 /* VideoPlayerView.swift */,
				D2A59BCB20711CD200CB0DC2 /* FeedVideoDetailView.swift */,
				D2A59BCD20711D3700CB0DC2 /* FeedVideoButton.swift */,
			);
			path = Views;
			sourceTree = "<group>";
		};
		EEFF066B39BFCC38E75500C8 /* Frameworks */ = {
			isa = PBXGroup;
			children = (
				BDFDA0C2D6581C9D18243E45 /* Pods_Alpface.framework */,
			);
			name = Frameworks;
			sourceTree = "<group>";
		};
/* End PBXGroup section */

/* Begin PBXNativeTarget section */
		D251884A2054D3C8000147CC /* Alpface */ = {
			isa = PBXNativeTarget;
			buildConfigurationList = D251885D2054D3C8000147CC /* Build configuration list for PBXNativeTarget "Alpface" */;
			buildPhases = (
				0CB97D1FEC3A15210EBE8C94 /* [CP] Check Pods Manifest.lock */,
				D25188472054D3C8000147CC /* Sources */,
				D25188482054D3C8000147CC /* Frameworks */,
				D25188492054D3C8000147CC /* Resources */,
				76DBC535E03447EF5A7BB8FD /* [CP] Embed Pods Frameworks */,
				3C1A8B2334B0CBF06F9952B3 /* [CP] Copy Pods Resources */,
			);
			buildRules = (
			);
			dependencies = (
			);
			name = Alpface;
			productName = Alpface;
			productReference = D251884B2054D3C8000147CC /* Alpface.app */;
			productType = "com.apple.product-type.application";
		};
/* End PBXNativeTarget section */

/* Begin PBXProject section */
		D25188432054D3C8000147CC /* Project object */ = {
			isa = PBXProject;
			attributes = {
				LastSwiftUpdateCheck = 0920;
				LastUpgradeCheck = 0920;
				ORGANIZATIONNAME = alpface;
				TargetAttributes = {
					D251884A2054D3C8000147CC = {
						CreatedOnToolsVersion = 9.2;
						LastSwiftMigration = 0930;
						ProvisioningStyle = Automatic;
					};
				};
			};
			buildConfigurationList = D25188462054D3C8000147CC /* Build configuration list for PBXProject "Alpface" */;
			compatibilityVersion = "Xcode 8.0";
			developmentRegion = en;
			hasScannedForEncodings = 0;
			knownRegions = (
				en,
				Base,
			);
			mainGroup = D25188422054D3C8000147CC;
			productRefGroup = D251884C2054D3C8000147CC /* Products */;
			projectDirPath = "";
			projectRoot = "";
			targets = (
				D251884A2054D3C8000147CC /* Alpface */,
			);
		};
/* End PBXProject section */

/* Begin PBXResourcesBuildPhase section */
		D25188492054D3C8000147CC /* Resources */ = {
			isa = PBXResourcesBuildPhase;
			buildActionMask = 2147483647;
			files = (
				D0DB45A42085B4F0000C291A /* PublishViewController.xib in Resources */,
				D26AD456206690E60047DC15 /* Info.plist in Resources */,
				D25188592054D3C8000147CC /* LaunchScreen.storyboard in Resources */,
				D2D663302082E83C0044E2A7 /* README.md in Resources */,
				D26AD43420668F140047DC15 /* MedulaOne-Regular.ttf in Resources */,
				D20093272078EEC50079AD8B /* CameraViewAssets.xcassets in Resources */,
				D25188562054D3C8000147CC /* Assets.xcassets in Resources */,
				D26AD450206690E60047DC15 /* .gitkeep in Resources */,
				D20093332078EEC50079AD8B /* CameraView.strings in Resources */,
				D26AD451206690E60047DC15 /* .gitkeep in Resources */,
				D20093382078EEC50079AD8B /* ConfirmViewController.xib in Resources */,
			);
			runOnlyForDeploymentPostprocessing = 0;
		};
/* End PBXResourcesBuildPhase section */

/* Begin PBXShellScriptBuildPhase section */
		0CB97D1FEC3A15210EBE8C94 /* [CP] Check Pods Manifest.lock */ = {
			isa = PBXShellScriptBuildPhase;
			buildActionMask = 2147483647;
			files = (
			);
			inputPaths = (
				"${PODS_PODFILE_DIR_PATH}/Podfile.lock",
				"${PODS_ROOT}/Manifest.lock",
			);
			name = "[CP] Check Pods Manifest.lock";
			outputPaths = (
				"$(DERIVED_FILE_DIR)/Pods-Alpface-checkManifestLockResult.txt",
			);
			runOnlyForDeploymentPostprocessing = 0;
			shellPath = /bin/sh;
			shellScript = "diff \"${PODS_ROOT}/../Podfile.lock\" \"${PODS_ROOT}/Manifest.lock\" > /dev/null\nif [ $? != 0 ] ; then\n    # print error to STDERR\n    echo \"error: The sandbox is not in sync with the Podfile.lock. Run 'pod install' or update your CocoaPods installation.\" >&2\n    exit 1\nfi\n";
			showEnvVarsInLog = 0;
		};
		3C1A8B2334B0CBF06F9952B3 /* [CP] Copy Pods Resources */ = {
			isa = PBXShellScriptBuildPhase;
			buildActionMask = 2147483647;
			files = (
			);
			inputPaths = (
			);
			name = "[CP] Copy Pods Resources";
			outputPaths = (
			);
			runOnlyForDeploymentPostprocessing = 0;
			shellPath = /bin/sh;
			shellScript = "\"${SRCROOT}/Pods/Target Support Files/Pods-Alpface/Pods-Alpface-resources.sh\"\n";
			showEnvVarsInLog = 0;
		};
		76DBC535E03447EF5A7BB8FD /* [CP] Embed Pods Frameworks */ = {
			isa = PBXShellScriptBuildPhase;
			buildActionMask = 2147483647;
			files = (
			);
			inputPaths = (
				"${SRCROOT}/Pods/Target Support Files/Pods-Alpface/Pods-Alpface-frameworks.sh",
				"${BUILT_PRODUCTS_DIR}/Alamofire/Alamofire.framework",
				"${BUILT_PRODUCTS_DIR}/DeviceKit/DeviceKit.framework",
				"${BUILT_PRODUCTS_DIR}/GraphicsRenderer/GraphicsRenderer.framework",
				"${BUILT_PRODUCTS_DIR}/MBProgressHUD/MBProgressHUD.framework",
				"${BUILT_PRODUCTS_DIR}/Peek/Peek.framework",
				"${BUILT_PRODUCTS_DIR}/SDWebImage/SDWebImage.framework",
				"${BUILT_PRODUCTS_DIR}/libwebp/libwebp.framework",
			);
			name = "[CP] Embed Pods Frameworks";
			outputPaths = (
				"${TARGET_BUILD_DIR}/${FRAMEWORKS_FOLDER_PATH}/Alamofire.framework",
				"${TARGET_BUILD_DIR}/${FRAMEWORKS_FOLDER_PATH}/DeviceKit.framework",
				"${TARGET_BUILD_DIR}/${FRAMEWORKS_FOLDER_PATH}/GraphicsRenderer.framework",
				"${TARGET_BUILD_DIR}/${FRAMEWORKS_FOLDER_PATH}/MBProgressHUD.framework",
				"${TARGET_BUILD_DIR}/${FRAMEWORKS_FOLDER_PATH}/Peek.framework",
				"${TARGET_BUILD_DIR}/${FRAMEWORKS_FOLDER_PATH}/SDWebImage.framework",
				"${TARGET_BUILD_DIR}/${FRAMEWORKS_FOLDER_PATH}/libwebp.framework",
			);
			runOnlyForDeploymentPostprocessing = 0;
			shellPath = /bin/sh;
			shellScript = "\"${SRCROOT}/Pods/Target Support Files/Pods-Alpface/Pods-Alpface-frameworks.sh\"\n";
			showEnvVarsInLog = 0;
		};
/* End PBXShellScriptBuildPhase section */

/* Begin PBXSourcesBuildPhase section */
		D25188472054D3C8000147CC /* Sources */ = {
			isa = PBXSourcesBuildPhase;
			buildActionMask = 2147483647;
			files = (
				D289537D20772BE60029CE92 /* ETCollectionViewWaterFallLayout.swift in Sources */,
				D2B16622208CC3B800FA5F05 /* UIView+XYExtension.swift in Sources */,
				D2B165EE208C4D8500FA5F05 /* CommentListViewController.swift in Sources */,
				D0C1E3522086EDFC0013F98B /* NSAttributedString+Extension.swift in Sources */,
				D26AD489206735CD0047DC15 /* UIView+Attributes.swift in Sources */,
				D2A59BCC20711CD200CB0DC2 /* FeedVideoDetailView.swift in Sources */,
				D26AD485206733030047DC15 /* UIImage+Extension.swift in Sources */,
				D20093462078F16E0079AD8B /* PCLBlurEffectAlert+Action.swift in Sources */,
				D20093452078F16E0079AD8B /* PCLBlurEffectAlert.swift in Sources */,
				D26AD47F20672E120047DC15 /* FadeTransition.swift in Sources */,
				D26AD49920677C5C0047DC15 /* ALPConstans.swift in Sources */,
				D28953682076A4EE0029CE92 /* BaseProfileViewController.swift in Sources */,
				D2B165F4208C596300FA5F05 /* PercentDrivenInteractiveTransition.swift in Sources */,
				D289536B2076A5480029CE92 /* UserProfileViewController.swift in Sources */,
				D2B38C57208B25BB00CA3908 /* VideoDetailListViewController.swift in Sources */,
				D28953692076A4EE0029CE92 /* HitTestScrollView.swift in Sources */,
				D20093392078EEC50079AD8B /* CameraView.swift in Sources */,
				D20093352078EEC50079AD8B /* PhotoLibraryViewController.swift in Sources */,
				D2DC57552070D64C00458F54 /* HeartAnimation.swift in Sources */,
				D20093292078EEC50079AD8B /* Utilities.swift in Sources */,
				D2D6632A208185510044E2A7 /* MBProgressHUD+XYExtension.swift in Sources */,
				D2371D912084F73B00588BEC /* PublishViewController.swift in Sources */,
				D20093472078F16E0079AD8B /* PCLBlurEffectAlert+Controller.swift in Sources */,
				D2B165F8208C720B00FA5F05 /* TabbarPlaceholderViewController.swift in Sources */,
				D28953642076A4EE0029CE92 /* ProfileHeaderView.swift in Sources */,
				D26AD43920668F140047DC15 /* UIColor+HexColor.swift in Sources */,
				D26AD44020668F140047DC15 /* MainTabBarController.swift in Sources */,
				D20093342078EEC50079AD8B /* CameraViewControllerConstraint.swift in Sources */,
				D2BCBA49206F33F2008409B3 /* GestureCoordinatingCollectionView.swift in Sources */,
				D26AD44120668F140047DC15 /* RootViewController.swift in Sources */,
				D200933B2078EEC50079AD8B /* PermissionsView.swift in Sources */,
				D26AD4652066BB180047DC15 /* User.swift in Sources */,
				D2BCBA4F206F6D02008409B3 /* VideoItem.swift in Sources */,
				D28B2295207732BA00680970 /* VideoGifCollectionViewCell.swift in Sources */,
				D289537120771A6B0029CE92 /* MyFavoriteViewController.swift in Sources */,
				D28953672076A4EE0029CE92 /* HitTestScrollViewCell.swift in Sources */,
				D21A2CD5207D154400335A8A /* EditUserProfileModel.swift in Sources */,
				D26AD43320668F140047DC15 /* StoryCreationViewController.swift in Sources */,
				D2BCBA48206F33F2008409B3 /* CollectionViewSection.swift in Sources */,
				D26AD43A20668F140047DC15 /* UINavigationBar+Attributes.swift in Sources */,
				D26AD43820668F140047DC15 /* UIApplication+StatusBarAppearanceUpdate.swift in Sources */,
				D2DC5748206FB1F300458F54 /* VideoRequest.swift in Sources */,
				D27D6CE0208397BF0095425A /* SettingsViewController.swift in Sources */,
				D21A2CD1207D09DC00335A8A /* EditProfileTableViewCell.swift in Sources */,
				D2BCBA43206F33F2008409B3 /* FeedCellViewController.swift in Sources */,
				D27D6CE220839B690095425A /* SettingsTableViewCell.swift in Sources */,
				D26AD454206690E60047DC15 /* PastelPoint.swift in Sources */,
				D0DB45AA2085B7C6000C291A /* AdaptiveTextView.swift in Sources */,
				D2371D942084FD7F00588BEC /* VideoFile.swift in Sources */,
				D2B165F6208C68A800FA5F05 /* PresentTransition.swift in Sources */,
				D26AD455206690E60047DC15 /* PastelView.swift in Sources */,
				D26AD43B20668F140047DC15 /* AppDelegate.swift in Sources */,
				D28953652076A4EE0029CE92 /* ScrollableSegmentedControl.swift in Sources */,
				D27D6CE62083A8F70095425A /* ALPTheme.swift in Sources */,
				D26AD43E20668F140047DC15 /* MainAppViewController.swift in Sources */,
				D200932A2078EEC50079AD8B /* CameraGlobals.swift in Sources */,
				D20093362078EEC50079AD8B /* ConfirmViewController.swift in Sources */,
				D200933A2078EEC50079AD8B /* CropOverlay.swift in Sources */,
				D2B38C55208B24B700CA3908 /* HomeFeedViewController.swift in Sources */,
				D20093312078EEC50079AD8B /* UIButtonExtensions.swift in Sources */,
				D2B165F0208C4F4F00FA5F05 /* CornerBarNaviController.swift in Sources */,
				D289536D2076A5A60029CE92 /* UserProfileChildCollectionViewController.swift in Sources */,
				D2A59BD5207125AE00CB0DC2 /* DOFavoriteButton.swift in Sources */,
				D2BCBA47206F33F2008409B3 /* BaseCellModel.swift in Sources */,
				D200932C2078EEC50079AD8B /* CameraShot.swift in Sources */,
				D26AD43C20668F140047DC15 /* MainAppScrollingContainerItem.swift in Sources */,
				D2BCBA53206FA737008409B3 /* VideoRatingItem.swift in Sources */,
				D22FD056207A65A2003E08B9 /* RuntimeExtensions.swift in Sources */,
				D26AD4952067779F0047DC15 /* HttpRequestHelper.swift in Sources */,
				D21A2CCD207CFA0600335A8A /* StickyHeaderContainerView.swift in Sources */,
				D2DC574C20706D7C00458F54 /* PlayVideoModel.swift in Sources */,
				D2BCBA4B206F33F2008409B3 /* MainFeedViewCell.swift in Sources */,
				D26AD453206690E60047DC15 /* PastelLabel.swift in Sources */,
				D2A59BCA20710F6300CB0DC2 /* UINavigationController+OSProgressBar.swift in Sources */,
				D2B38C53208B1A1200CA3908 /* MyProfileViewController.swift in Sources */,
				D22FD054207A6586003E08B9 /* XYEmptyData.swift in Sources */,
				D289536F20771A230029CE92 /* MyReleaseViewController.swift in Sources */,
				D2D6632E208245F30044E2A7 /* AppUtils.swift in Sources */,
				D200932E2078EEC50079AD8B /* VolumeControl.swift in Sources */,
				D20093302078EEC50079AD8B /* UIViewExtensions.swift in Sources */,
				D26AD45D2066A9C30047DC15 /* ExploreViewController.swift in Sources */,
				D26AD4622066BAF40047DC15 /* LoginViewController.swift in Sources */,
				D200932D2078EEC50079AD8B /* SingleImageSaver.swift in Sources */,
				D26AD4872067334E0047DC15 /* UIButton+Attributes.swift in Sources */,
				D200930C2078C51E0079AD8B /* RegisterViewController.swift in Sources */,
				D20093322078EEC50079AD8B /* ImageFetcher.swift in Sources */,
				D26AD43D20668F140047DC15 /* MainAppScrollingContainerViewController.swift in Sources */,
				D2BCBA46206F33F2008409B3 /* PlayVideoViewController.swift in Sources */,
				D2A59BCE20711D3700CB0DC2 /* FeedVideoButton.swift in Sources */,
				D2A59BC920710F6300CB0DC2 /* OSProgressView.swift in Sources */,
				D20093282078EEC50079AD8B /* CroppingParameters.swift in Sources */,
				D2BCBA4A206F33F2008409B3 /* ListCollectionView.swift in Sources */,
				D27D6CE420839E520095425A /* SettingsTableViewCellModel.swift in Sources */,
				D26AD467206729D60047DC15 /* AuthenticationManager.swift in Sources */,
				D26AD47E20672E120047DC15 /* CustomTransitionViewController.swift in Sources */,
				D26AD48120672E120047DC15 /* TransitionButton.swift in Sources */,
				D2BCBA45206F33F2008409B3 /* PlayInteractionViewController.swift in Sources */,
				D2BCBA44206F33F2008409B3 /* MainFeedViewController.swift in Sources */,
				D2B165F2208C4FCB00FA5F05 /* SelectMusicViewController.swift in Sources */,
				D289537320771A8B0029CE92 /* MyStoryViewController.swift in Sources */,
				D2BCBA4C206F33F2008409B3 /* ScrollingContainerCell.swift in Sources */,
				D26AD43220668F140047DC15 /* StoryCameraViewController.swift in Sources */,
				D200933C2078EEC50079AD8B /* ImageCell.swift in Sources */,
				D20093372078EEC50079AD8B /* CameraViewController.swift in Sources */,
				D26AD43720668F140047DC15 /* MessageViewController.swift in Sources */,
				D26AD43F20668F140047DC15 /* MainNavigationController.swift in Sources */,
				D26AD48020672E120047DC15 /* SpinerLayer.swift in Sources */,
				D200932B2078EEC50079AD8B /* SingleImageFetcher.swift in Sources */,
				D20093442078F16E0079AD8B /* PCLBlurEffectAlert+TransitionAnimator.swift in Sources */,
				D200932F2078EEC50079AD8B /* PhotoLibraryAuthorizer.swift in Sources */,
				D26AD452206690E60047DC15 /* PastelGradient.swift in Sources */,
				D0C1E3502086E7BB0013F98B /* MainNavigationBar.swift in Sources */,
				D2BCBA4D206F33F2008409B3 /* VideoPlayerView.swift in Sources */,
				D28953662076A4EE0029CE92 /* HitTestContainerViewController.swift in Sources */,
				D2DC574A206FB7EA00458F54 /* AccountLogin.swift in Sources */,
				D21A2CD3207D0BF800335A8A /* EditProfileHeaderView.swift in Sources */,
				D21A2CCB207CF5C600335A8A /* EditUserProfileViewController.swift in Sources */,
			);
			runOnlyForDeploymentPostprocessing = 0;
		};
/* End PBXSourcesBuildPhase section */

/* Begin PBXVariantGroup section */
		D25188572054D3C8000147CC /* LaunchScreen.storyboard */ = {
			isa = PBXVariantGroup;
			children = (
				D25188582054D3C8000147CC /* Base */,
			);
			name = LaunchScreen.storyboard;
			sourceTree = "<group>";
		};
/* End PBXVariantGroup section */

/* Begin XCBuildConfiguration section */
		D251885B2054D3C8000147CC /* Debug */ = {
			isa = XCBuildConfiguration;
			buildSettings = {
				ALWAYS_SEARCH_USER_PATHS = NO;
				CLANG_ANALYZER_NONNULL = YES;
				CLANG_ANALYZER_NUMBER_OBJECT_CONVERSION = YES_AGGRESSIVE;
				CLANG_CXX_LANGUAGE_STANDARD = "gnu++14";
				CLANG_CXX_LIBRARY = "libc++";
				CLANG_ENABLE_MODULES = YES;
				CLANG_ENABLE_OBJC_ARC = YES;
				CLANG_WARN_BLOCK_CAPTURE_AUTORELEASING = YES;
				CLANG_WARN_BOOL_CONVERSION = YES;
				CLANG_WARN_COMMA = YES;
				CLANG_WARN_CONSTANT_CONVERSION = YES;
				CLANG_WARN_DIRECT_OBJC_ISA_USAGE = YES_ERROR;
				CLANG_WARN_DOCUMENTATION_COMMENTS = YES;
				CLANG_WARN_EMPTY_BODY = YES;
				CLANG_WARN_ENUM_CONVERSION = YES;
				CLANG_WARN_INFINITE_RECURSION = YES;
				CLANG_WARN_INT_CONVERSION = YES;
				CLANG_WARN_NON_LITERAL_NULL_CONVERSION = YES;
				CLANG_WARN_OBJC_LITERAL_CONVERSION = YES;
				CLANG_WARN_OBJC_ROOT_CLASS = YES_ERROR;
				CLANG_WARN_RANGE_LOOP_ANALYSIS = YES;
				CLANG_WARN_STRICT_PROTOTYPES = YES;
				CLANG_WARN_SUSPICIOUS_MOVE = YES;
				CLANG_WARN_UNGUARDED_AVAILABILITY = YES_AGGRESSIVE;
				CLANG_WARN_UNREACHABLE_CODE = YES;
				CLANG_WARN__DUPLICATE_METHOD_MATCH = YES;
				CODE_SIGN_IDENTITY = "iPhone Developer";
				COPY_PHASE_STRIP = NO;
				DEBUG_INFORMATION_FORMAT = dwarf;
				ENABLE_STRICT_OBJC_MSGSEND = YES;
				ENABLE_TESTABILITY = YES;
				GCC_C_LANGUAGE_STANDARD = gnu11;
				GCC_DYNAMIC_NO_PIC = NO;
				GCC_NO_COMMON_BLOCKS = YES;
				GCC_OPTIMIZATION_LEVEL = 0;
				GCC_PREPROCESSOR_DEFINITIONS = (
					"DEBUG=1",
					"$(inherited)",
				);
				GCC_WARN_64_TO_32_BIT_CONVERSION = YES;
				GCC_WARN_ABOUT_RETURN_TYPE = YES_ERROR;
				GCC_WARN_UNDECLARED_SELECTOR = YES;
				GCC_WARN_UNINITIALIZED_AUTOS = YES_AGGRESSIVE;
				GCC_WARN_UNUSED_FUNCTION = YES;
				GCC_WARN_UNUSED_VARIABLE = YES;
				IPHONEOS_DEPLOYMENT_TARGET = 11.2;
				MTL_ENABLE_DEBUG_INFO = YES;
				ONLY_ACTIVE_ARCH = YES;
				SDKROOT = iphoneos;
				SWIFT_ACTIVE_COMPILATION_CONDITIONS = DEBUG;
				SWIFT_OPTIMIZATION_LEVEL = "-Onone";
			};
			name = Debug;
		};
		D251885C2054D3C8000147CC /* Release */ = {
			isa = XCBuildConfiguration;
			buildSettings = {
				ALWAYS_SEARCH_USER_PATHS = NO;
				CLANG_ANALYZER_NONNULL = YES;
				CLANG_ANALYZER_NUMBER_OBJECT_CONVERSION = YES_AGGRESSIVE;
				CLANG_CXX_LANGUAGE_STANDARD = "gnu++14";
				CLANG_CXX_LIBRARY = "libc++";
				CLANG_ENABLE_MODULES = YES;
				CLANG_ENABLE_OBJC_ARC = YES;
				CLANG_WARN_BLOCK_CAPTURE_AUTORELEASING = YES;
				CLANG_WARN_BOOL_CONVERSION = YES;
				CLANG_WARN_COMMA = YES;
				CLANG_WARN_CONSTANT_CONVERSION = YES;
				CLANG_WARN_DIRECT_OBJC_ISA_USAGE = YES_ERROR;
				CLANG_WARN_DOCUMENTATION_COMMENTS = YES;
				CLANG_WARN_EMPTY_BODY = YES;
				CLANG_WARN_ENUM_CONVERSION = YES;
				CLANG_WARN_INFINITE_RECURSION = YES;
				CLANG_WARN_INT_CONVERSION = YES;
				CLANG_WARN_NON_LITERAL_NULL_CONVERSION = YES;
				CLANG_WARN_OBJC_LITERAL_CONVERSION = YES;
				CLANG_WARN_OBJC_ROOT_CLASS = YES_ERROR;
				CLANG_WARN_RANGE_LOOP_ANALYSIS = YES;
				CLANG_WARN_STRICT_PROTOTYPES = YES;
				CLANG_WARN_SUSPICIOUS_MOVE = YES;
				CLANG_WARN_UNGUARDED_AVAILABILITY = YES_AGGRESSIVE;
				CLANG_WARN_UNREACHABLE_CODE = YES;
				CLANG_WARN__DUPLICATE_METHOD_MATCH = YES;
				CODE_SIGN_IDENTITY = "iPhone Developer";
				COPY_PHASE_STRIP = NO;
				DEBUG_INFORMATION_FORMAT = "dwarf-with-dsym";
				ENABLE_NS_ASSERTIONS = NO;
				ENABLE_STRICT_OBJC_MSGSEND = YES;
				GCC_C_LANGUAGE_STANDARD = gnu11;
				GCC_NO_COMMON_BLOCKS = YES;
				GCC_WARN_64_TO_32_BIT_CONVERSION = YES;
				GCC_WARN_ABOUT_RETURN_TYPE = YES_ERROR;
				GCC_WARN_UNDECLARED_SELECTOR = YES;
				GCC_WARN_UNINITIALIZED_AUTOS = YES_AGGRESSIVE;
				GCC_WARN_UNUSED_FUNCTION = YES;
				GCC_WARN_UNUSED_VARIABLE = YES;
				IPHONEOS_DEPLOYMENT_TARGET = 11.2;
				MTL_ENABLE_DEBUG_INFO = NO;
				SDKROOT = iphoneos;
				SWIFT_OPTIMIZATION_LEVEL = "-Owholemodule";
				VALIDATE_PRODUCT = YES;
			};
			name = Release;
		};
		D251885E2054D3C8000147CC /* Debug */ = {
			isa = XCBuildConfiguration;
			baseConfigurationReference = FB768995D8F6D8FF332CFBDB /* Pods-Alpface.debug.xcconfig */;
			buildSettings = {
				ASSETCATALOG_COMPILER_APPICON_NAME = AppIcon;
				CLANG_ENABLE_MODULES = YES;
				CODE_SIGN_STYLE = Automatic;
				DEVELOPMENT_TEAM = NKW67GFDHM;
				INFOPLIST_FILE = Alpface/Info.plist;
				IPHONEOS_DEPLOYMENT_TARGET = 10.0;
				LD_RUNPATH_SEARCH_PATHS = "$(inherited) @executable_path/Frameworks";
				PRODUCT_BUNDLE_IDENTIFIER = com.alpface.Alpface;
				PRODUCT_NAME = "$(TARGET_NAME)";
				SWIFT_OPTIMIZATION_LEVEL = "-Onone";
				SWIFT_VERSION = 4.0;
				TARGETED_DEVICE_FAMILY = "1,2";
			};
			name = Debug;
		};
		D251885F2054D3C8000147CC /* Release */ = {
			isa = XCBuildConfiguration;
			baseConfigurationReference = 33ED24E632F2865D9C7AD091 /* Pods-Alpface.release.xcconfig */;
			buildSettings = {
				ASSETCATALOG_COMPILER_APPICON_NAME = AppIcon;
				CLANG_ENABLE_MODULES = YES;
				CODE_SIGN_STYLE = Automatic;
				DEVELOPMENT_TEAM = NKW67GFDHM;
				INFOPLIST_FILE = Alpface/Info.plist;
				IPHONEOS_DEPLOYMENT_TARGET = 10.0;
				LD_RUNPATH_SEARCH_PATHS = "$(inherited) @executable_path/Frameworks";
				PRODUCT_BUNDLE_IDENTIFIER = com.alpface.Alpface;
				PRODUCT_NAME = "$(TARGET_NAME)";
				SWIFT_VERSION = 4.0;
				TARGETED_DEVICE_FAMILY = "1,2";
			};
			name = Release;
		};
/* End XCBuildConfiguration section */

/* Begin XCConfigurationList section */
		D25188462054D3C8000147CC /* Build configuration list for PBXProject "Alpface" */ = {
			isa = XCConfigurationList;
			buildConfigurations = (
				D251885B2054D3C8000147CC /* Debug */,
				D251885C2054D3C8000147CC /* Release */,
			);
			defaultConfigurationIsVisible = 0;
			defaultConfigurationName = Release;
		};
		D251885D2054D3C8000147CC /* Build configuration list for PBXNativeTarget "Alpface" */ = {
			isa = XCConfigurationList;
			buildConfigurations = (
				D251885E2054D3C8000147CC /* Debug */,
				D251885F2054D3C8000147CC /* Release */,
			);
			defaultConfigurationIsVisible = 0;
			defaultConfigurationName = Release;
		};
/* End XCConfigurationList section */
	};
	rootObject = D25188432054D3C8000147CC /* Project object */;
}
